// !$*UTF8*$!
{
	archiveVersion = 1;
	classes = {
	};
	objectVersion = 46;
	objects = {

/* Begin PBXBuildFile section */
		2225916C1F60D0850005E995 /* Forecast.swift in Sources */ = {isa = PBXBuildFile; fileRef = 2225916B1F60D0850005E995 /* Forecast.swift */; };
		2225916E1F617D120005E995 /* WeatherTableViewCell.swift in Sources */ = {isa = PBXBuildFile; fileRef = 2225916D1F617D120005E995 /* WeatherTableViewCell.swift */; };
		222591701F61FE4E0005E995 /* Location.swift in Sources */ = {isa = PBXBuildFile; fileRef = 2225916F1F61FE4E0005E995 /* Location.swift */; };
		2279EFE91F5F394100BFE019 /* AppDelegate.swift in Sources */ = {isa = PBXBuildFile; fileRef = 2279EFE81F5F394100BFE019 /* AppDelegate.swift */; };
		2279EFEB1F5F394100BFE019 /* WeatherViewController.swift in Sources */ = {isa = PBXBuildFile; fileRef = 2279EFEA1F5F394100BFE019 /* WeatherViewController.swift */; };
		2279EFEE1F5F394100BFE019 /* Main.storyboard in Resources */ = {isa = PBXBuildFile; fileRef = 2279EFEC1F5F394100BFE019 /* Main.storyboard */; };
		2279EFF01F5F394100BFE019 /* Assets.xcassets in Resources */ = {isa = PBXBuildFile; fileRef = 2279EFEF1F5F394100BFE019 /* Assets.xcassets */; };
		2279EFF31F5F394100BFE019 /* LaunchScreen.storyboard in Resources */ = {isa = PBXBuildFile; fileRef = 2279EFF11F5F394100BFE019 /* LaunchScreen.storyboard */; };
		22D998B21F608A8F00654116 /* Constants.swift in Sources */ = {isa = PBXBuildFile; fileRef = 22D998B11F608A8F00654116 /* Constants.swift */; };
		22D998B41F60964400654116 /* CurrentWeather.swift in Sources */ = {isa = PBXBuildFile; fileRef = 22D998B31F60964400654116 /* CurrentWeather.swift */; };
		EEBC2B89C4AB742F4991CC72 /* Pods_RainyShine.framework in Frameworks */ = {isa = PBXBuildFile; fileRef = F6A63211ADC61CE418488C94 /* Pods_RainyShine.framework */; };
/* End PBXBuildFile section */

/* Begin PBXFileReference section */
		2225916B1F60D0850005E995 /* Forecast.swift */ = {isa = PBXFileReference; fileEncoding = 4; lastKnownFileType = sourcecode.swift; path = Forecast.swift; sourceTree = "<group>"; };
		2225916D1F617D120005E995 /* WeatherTableViewCell.swift */ = {isa = PBXFileReference; fileEncoding = 4; lastKnownFileType = sourcecode.swift; path = WeatherTableViewCell.swift; sourceTree = "<group>"; };
		2225916F1F61FE4E0005E995 /* Location.swift */ = {isa = PBXFileReference; fileEncoding = 4; lastKnownFileType = sourcecode.swift; path = Location.swift; sourceTree = "<group>"; };
		2279EFE51F5F394100BFE019 /* RainyShine.app */ = {isa = PBXFileReference; explicitFileType = wrapper.application; includeInIndex = 0; path = RainyShine.app; sourceTree = BUILT_PRODUCTS_DIR; };
		2279EFE81F5F394100BFE019 /* AppDelegate.swift */ = {isa = PBXFileReference; lastKnownFileType = sourcecode.swift; path = AppDelegate.swift; sourceTree = "<group>"; };
		2279EFEA1F5F394100BFE019 /* WeatherViewController.swift */ = {isa = PBXFileReference; lastKnownFileType = sourcecode.swift; path = WeatherViewController.swift; sourceTree = "<group>"; };
		2279EFED1F5F394100BFE019 /* Base */ = {isa = PBXFileReference; lastKnownFileType = file.storyboard; name = Base; path = Base.lproj/Main.storyboard; sourceTree = "<group>"; };
		2279EFEF1F5F394100BFE019 /* Assets.xcassets */ = {isa = PBXFileReference; lastKnownFileType = folder.assetcatalog; path = Assets.xcassets; sourceTree = "<group>"; };
		2279EFF21F5F394100BFE019 /* Base */ = {isa = PBXFileReference; lastKnownFileType = file.storyboard; name = Base; path = Base.lproj/LaunchScreen.storyboard; sourceTree = "<group>"; };
		2279EFF41F5F394100BFE019 /* Info.plist */ = {isa = PBXFileReference; lastKnownFileType = text.plist.xml; path = Info.plist; sourceTree = "<group>"; };
		22D998B11F608A8F00654116 /* Constants.swift */ = {isa = PBXFileReference; fileEncoding = 4; lastKnownFileType = sourcecode.swift; path = Constants.swift; sourceTree = "<group>"; };
		22D998B31F60964400654116 /* CurrentWeather.swift */ = {isa = PBXFileReference; fileEncoding = 4; lastKnownFileType = sourcecode.swift; path = CurrentWeather.swift; sourceTree = "<group>"; };
		42A8A2B7776A041C9BB8EF69 /* Pods-RainyShine.debug.xcconfig */ = {isa = PBXFileReference; includeInIndex = 1; lastKnownFileType = text.xcconfig; name = "Pods-RainyShine.debug.xcconfig"; path = "Pods/Target Support Files/Pods-RainyShine/Pods-RainyShine.debug.xcconfig"; sourceTree = "<group>"; };
		D9BC7A4F960B2E6DD222C4BE /* Pods-RainyShine.release.xcconfig */ = {isa = PBXFileReference; includeInIndex = 1; lastKnownFileType = text.xcconfig; name = "Pods-RainyShine.release.xcconfig"; path = "Pods/Target Support Files/Pods-RainyShine/Pods-RainyShine.release.xcconfig"; sourceTree = "<group>"; };
		F6A63211ADC61CE418488C94 /* Pods_RainyShine.framework */ = {isa = PBXFileReference; explicitFileType = wrapper.framework; includeInIndex = 0; path = Pods_RainyShine.framework; sourceTree = BUILT_PRODUCTS_DIR; };
/* End PBXFileReference section */

/* Begin PBXFrameworksBuildPhase section */
		2279EFE21F5F394100BFE019 /* Frameworks */ = {
			isa = PBXFrameworksBuildPhase;
			buildActionMask = 2147483647;
			files = (
				EEBC2B89C4AB742F4991CC72 /* Pods_RainyShine.framework in Frameworks */,
			);
			runOnlyForDeploymentPostprocessing = 0;
		};
/* End PBXFrameworksBuildPhase section */

/* Begin PBXGroup section */
		2279EFDC1F5F394000BFE019 = {
			isa = PBXGroup;
			children = (
				2279EFE71F5F394100BFE019 /* RainyShine */,
				2279EFE61F5F394100BFE019 /* Products */,
				664313850E2974666675BE99 /* Pods */,
				4090028859B0CFC71974E02A /* Frameworks */,
			);
			sourceTree = "<group>";
		};
		2279EFE61F5F394100BFE019 /* Products */ = {
			isa = PBXGroup;
			children = (
				2279EFE51F5F394100BFE019 /* RainyShine.app */,
			);
			name = Products;
			sourceTree = "<group>";
		};
		2279EFE71F5F394100BFE019 /* RainyShine */ = {
			isa = PBXGroup;
			children = (
				22D998B01F6089F800654116 /* Model */,
				22D998AF1F6089E800654116 /* View */,
				22D998AE1F6089E000654116 /* Controller */,
				2279EFE81F5F394100BFE019 /* AppDelegate.swift */,
				2279EFEC1F5F394100BFE019 /* Main.storyboard */,
				2279EFF11F5F394100BFE019 /* LaunchScreen.storyboard */,
				2279EFEF1F5F394100BFE019 /* Assets.xcassets */,
				2279EFF41F5F394100BFE019 /* Info.plist */,
				22D998B11F608A8F00654116 /* Constants.swift */,
				22D998B31F60964400654116 /* CurrentWeather.swift */,
				2225916B1F60D0850005E995 /* Forecast.swift */,
				2225916D1F617D120005E995 /* WeatherTableViewCell.swift */,
				2225916F1F61FE4E0005E995 /* Location.swift */,
			);
			path = RainyShine;
			sourceTree = "<group>";
		};
		22D998AE1F6089E000654116 /* Controller */ = {
			isa = PBXGroup;
			children = (
				2279EFEA1F5F394100BFE019 /* WeatherViewController.swift */,
			);
			name = Controller;
			sourceTree = "<group>";
		};
		22D998AF1F6089E800654116 /* View */ = {
			isa = PBXGroup;
			children = (
			);
			name = View;
			sourceTree = "<group>";
		};
		22D998B01F6089F800654116 /* Model */ = {
			isa = PBXGroup;
			children = (
			);
			name = Model;
			sourceTree = "<group>";
		};
		4090028859B0CFC71974E02A /* Frameworks */ = {
			isa = PBXGroup;
			children = (
				F6A63211ADC61CE418488C94 /* Pods_RainyShine.framework */,
			);
			name = Frameworks;
			sourceTree = "<group>";
		};
		664313850E2974666675BE99 /* Pods */ = {
			isa = PBXGroup;
			children = (
				42A8A2B7776A041C9BB8EF69 /* Pods-RainyShine.debug.xcconfig */,
				D9BC7A4F960B2E6DD222C4BE /* Pods-RainyShine.release.xcconfig */,
			);
			name = Pods;
			sourceTree = "<group>";
		};
/* End PBXGroup section */

/* Begin PBXNativeTarget section */
		2279EFE41F5F394100BFE019 /* RainyShine */ = {
			isa = PBXNativeTarget;
			buildConfigurationList = 2279EFF71F5F394100BFE019 /* Build configuration list for PBXNativeTarget "RainyShine" */;
			buildPhases = (
				232F5847D6E68D1E4AFF1483 /* [CP] Check Pods Manifest.lock */,
				2279EFE11F5F394100BFE019 /* Sources */,
				2279EFE21F5F394100BFE019 /* Frameworks */,
				2279EFE31F5F394100BFE019 /* Resources */,
				9E73D8756174665F68A987F9 /* [CP] Embed Pods Frameworks */,
				2009417BEA0D9E3752BA6B10 /* [CP] Copy Pods Resources */,
			);
			buildRules = (
			);
			dependencies = (
			);
			name = RainyShine;
			productName = RainyShine;
			productReference = 2279EFE51F5F394100BFE019 /* RainyShine.app */;
			productType = "com.apple.product-type.application";
		};
/* End PBXNativeTarget section */

/* Begin PBXProject section */
		2279EFDD1F5F394000BFE019 /* Project object */ = {
			isa = PBXProject;
			attributes = {
				LastSwiftUpdateCheck = 0830;
				LastUpgradeCheck = 0830;
				ORGANIZATIONNAME = "Tim Serio";
				TargetAttributes = {
					2279EFE41F5F394100BFE019 = {
						CreatedOnToolsVersion = 8.3.3;
						DevelopmentTeam = 29B6QCD9N8;
						ProvisioningStyle = Automatic;
					};
				};
			};
			buildConfigurationList = 2279EFE01F5F394000BFE019 /* Build configuration list for PBXProject "RainyShine" */;
			compatibilityVersion = "Xcode 3.2";
			developmentRegion = English;
			hasScannedForEncodings = 0;
			knownRegions = (
				en,
				Base,
			);
			mainGroup = 2279EFDC1F5F394000BFE019;
			productRefGroup = 2279EFE61F5F394100BFE019 /* Products */;
			projectDirPath = "";
			projectRoot = "";
			targets = (
				2279EFE41F5F394100BFE019 /* RainyShine */,
			);
		};
/* End PBXProject section */

/* Begin PBXResourcesBuildPhase section */
		2279EFE31F5F394100BFE019 /* Resources */ = {
			isa = PBXResourcesBuildPhase;
			buildActionMask = 2147483647;
			files = (
				2279EFF31F5F394100BFE019 /* LaunchScreen.storyboard in Resources */,
				2279EFF01F5F394100BFE019 /* Assets.xcassets in Resources */,
				2279EFEE1F5F394100BFE019 /* Main.storyboard in Resources */,
			);
			runOnlyForDeploymentPostprocessing = 0;
		};
/* End PBXResourcesBuildPhase section */

/* Begin PBXShellScriptBuildPhase section */
		2009417BEA0D9E3752BA6B10 /* [CP] Copy Pods Resources */ = {
			isa = PBXShellScriptBuildPhase;
			buildActionMask = 2147483647;
			files = (
			);
			inputPaths = (
			);
			name = "[CP] Copy Pods Resources";
			outputPaths = (
			);
			runOnlyForDeploymentPostprocessing = 0;
			shellPath = /bin/sh;
			shellScript = "\"${SRCROOT}/Pods/Target Support Files/Pods-RainyShine/Pods-RainyShine-resources.sh\"\n";
			showEnvVarsInLog = 0;
		};
		232F5847D6E68D1E4AFF1483 /* [CP] Check Pods Manifest.lock */ = {
			isa = PBXShellScriptBuildPhase;
			buildActionMask = 2147483647;
			files = (
			);
			inputPaths = (
				"${PODS_PODFILE_DIR_PATH}/Podfile.lock",
				"${PODS_ROOT}/Manifest.lock",
			);
			name = "[CP] Check Pods Manifest.lock";
			outputPaths = (
				"$(DERIVED_FILE_DIR)/Pods-RainyShine-checkManifestLockResult.txt",
			);
			runOnlyForDeploymentPostprocessing = 0;
			shellPath = /bin/sh;
			shellScript = "diff \"${PODS_PODFILE_DIR_PATH}/Podfile.lock\" \"${PODS_ROOT}/Manifest.lock\" > /dev/null\nif [ $? != 0 ] ; then\n    # print error to STDERR\n    echo \"error: The sandbox is not in sync with the Podfile.lock. Run 'pod install' or update your CocoaPods installation.\" >&2\n    exit 1\nfi\n# This output is used by Xcode 'outputs' to avoid re-running this script phase.\necho \"SUCCESS\" > \"${SCRIPT_OUTPUT_FILE_0}\"\n";
			showEnvVarsInLog = 0;
		};
		9E73D8756174665F68A987F9 /* [CP] Embed Pods Frameworks */ = {
			isa = PBXShellScriptBuildPhase;
			buildActionMask = 2147483647;
			files = (
			);
			inputPaths = (
				"${SRCROOT}/Pods/Target Support Files/Pods-RainyShine/Pods-RainyShine-frameworks.sh",
				"${BUILT_PRODUCTS_DIR}/Alamofire/Alamofire.framework",
			);
			name = "[CP] Embed Pods Frameworks";
			outputPaths = (
				"${TARGET_BUILD_DIR}/${FRAMEWORKS_FOLDER_PATH}/Alamofire.framework",
			);
			runOnlyForDeploymentPostprocessing = 0;
			shellPath = /bin/sh;
			shellScript = "\"${SRCROOT}/Pods/Target Support Files/Pods-RainyShine/Pods-RainyShine-frameworks.sh\"\n";
			showEnvVarsInLog = 0;
		};
/* End PBXShellScriptBuildPhase section */

/* Begin PBXSourcesBuildPhase section */
		2279EFE11F5F394100BFE019 /* Sources */ = {
			isa = PBXSourcesBuildPhase;
			buildActionMask = 2147483647;
			files = (
				2225916E1F617D120005E995 /* WeatherTableViewCell.swift in Sources */,
				2279EFEB1F5F394100BFE019 /* WeatherViewController.swift in Sources */,
				2279EFE91F5F394100BFE019 /* AppDelegate.swift in Sources */,
				22D998B41F60964400654116 /* CurrentWeather.swift in Sources */,
				22D998B21F608A8F00654116 /* Constants.swift in Sources */,
				2225916C1F60D0850005E995 /* Forecast.swift in Sources */,
				222591701F61FE4E0005E995 /* Location.swift in Sources */,
			);
			runOnlyForDeploymentPostprocessing = 0;
		};
/* End PBXSourcesBuildPhase section */

/* Begin PBXVariantGroup section */
		2279EFEC1F5F394100BFE019 /* Main.storyboard */ = {
			isa = PBXVariantGroup;
			children = (
				2279EFED1F5F394100BFE019 /* Base */,
			);
			name = Main.storyboard;
			sourceTree = "<group>";
		};
		2279EFF11F5F394100BFE019 /* LaunchScreen.storyboard */ = {
			isa = PBXVariantGroup;
			children = (
				2279EFF21F5F394100BFE019 /* Base */,
			);
			name = LaunchScreen.storyboard;
			sourceTree = "<group>";
		};
/* End PBXVariantGroup section */

/* Begin XCBuildConfiguration section */
		2279EFF51F5F394100BFE019 /* Debug */ = {
			isa = XCBuildConfiguration;
			buildSettings = {
				ALWAYS_SEARCH_USER_PATHS = NO;
				CLANG_ANALYZER_NONNULL = YES;
				CLANG_ANALYZER_NUMBER_OBJECT_CONVERSION = YES_AGGRESSIVE;
				CLANG_CXX_LANGUAGE_STANDARD = "gnu++0x";
				CLANG_CXX_LIBRARY = "libc++";
				CLANG_ENABLE_MODULES = YES;
				CLANG_ENABLE_OBJC_ARC = YES;
				CLANG_WARN_BOOL_CONVERSION = YES;
				CLANG_WARN_CONSTANT_CONVERSION = YES;
				CLANG_WARN_DIRECT_OBJC_ISA_USAGE = YES_ERROR;
				CLANG_WARN_DOCUMENTATION_COMMENTS = YES;
				CLANG_WARN_EMPTY_BODY = YES;
				CLANG_WARN_ENUM_CONVERSION = YES;
				CLANG_WARN_INFINITE_RECURSION = YES;
				CLANG_WARN_INT_CONVERSION = YES;
				CLANG_WARN_OBJC_ROOT_CLASS = YES_ERROR;
				CLANG_WARN_SUSPICIOUS_MOVE = YES;
				CLANG_WARN_UNREACHABLE_CODE = YES;
				CLANG_WARN__DUPLICATE_METHOD_MATCH = YES;
				"CODE_SIGN_IDENTITY[sdk=iphoneos*]" = "iPhone Developer";
				COPY_PHASE_STRIP = NO;
				DEBUG_INFORMATION_FORMAT = dwarf;
				ENABLE_STRICT_OBJC_MSGSEND = YES;
				ENABLE_TESTABILITY = YES;
				GCC_C_LANGUAGE_STANDARD = gnu99;
				GCC_DYNAMIC_NO_PIC = NO;
				GCC_NO_COMMON_BLOCKS = YES;
				GCC_OPTIMIZATION_LEVEL = 0;
				GCC_PREPROCESSOR_DEFINITIONS = (
					"DEBUG=1",
					"$(inherited)",
				);
				GCC_WARN_64_TO_32_BIT_CONVERSION = YES;
				GCC_WARN_ABOUT_RETURN_TYPE = YES_ERROR;
				GCC_WARN_UNDECLARED_SELECTOR = YES;
				GCC_WARN_UNINITIALIZED_AUTOS = YES_AGGRESSIVE;
				GCC_WARN_UNUSED_FUNCTION = YES;
				GCC_WARN_UNUSED_VARIABLE = YES;
				IPHONEOS_DEPLOYMENT_TARGET = 10.3;
				MTL_ENABLE_DEBUG_INFO = YES;
				ONLY_ACTIVE_ARCH = YES;
				SDKROOT = iphoneos;
				SWIFT_ACTIVE_COMPILATION_CONDITIONS = DEBUG;
				SWIFT_OPTIMIZATION_LEVEL = "-Onone";
				TARGETED_DEVICE_FAMILY = "1,2";
			};
			name = Debug;
		};
		2279EFF61F5F394100BFE019 /* Release */ = {
			isa = XCBuildConfiguration;
			buildSettings = {
				ALWAYS_SEARCH_USER_PATHS = NO;
				CLANG_ANALYZER_NONNULL = YES;
				CLANG_ANALYZER_NUMBER_OBJECT_CONVERSION = YES_AGGRESSIVE;
				CLANG_CXX_LANGUAGE_STANDARD = "gnu++0x";
				CLANG_CXX_LIBRARY = "libc++";
				CLANG_ENABLE_MODULES = YES;
				CLANG_ENABLE_OBJC_ARC = YES;
				CLANG_WARN_BOOL_CONVERSION = YES;
				CLANG_WARN_CONSTANT_CONVERSION = YES;
				CLANG_WARN_DIRECT_OBJC_ISA_USAGE = YES_ERROR;
				CLANG_WARN_DOCUMENTATION_COMMENTS = YES;
				CLANG_WARN_EMPTY_BODY = YES;
				CLANG_WARN_ENUM_CONVERSION = YES;
				CLANG_WARN_INFINITE_RECURSION = YES;
				CLANG_WARN_INT_CONVERSION = YES;
				CLANG_WARN_OBJC_ROOT_CLASS = YES_ERROR;
				CLANG_WARN_SUSPICIOUS_MOVE = YES;
				CLANG_WARN_UNREACHABLE_CODE = YES;
				CLANG_WARN__DUPLICATE_METHOD_MATCH = YES;
				"CODE_SIGN_IDENTITY[sdk=iphoneos*]" = "iPhone Developer";
				COPY_PHASE_STRIP = NO;
				DEBUG_INFORMATION_FORMAT = "dwarf-with-dsym";
				ENABLE_NS_ASSERTIONS = NO;
				ENABLE_STRICT_OBJC_MSGSEND = YES;
				GCC_C_LANGUAGE_STANDARD = gnu99;
				GCC_NO_COMMON_BLOCKS = YES;
				GCC_WARN_64_TO_32_BIT_CONVERSION = YES;
				GCC_WARN_ABOUT_RETURN_TYPE = YES_ERROR;
				GCC_WARN_UNDECLARED_SELECTOR = YES;
				GCC_WARN_UNINITIALIZED_AUTOS = YES_AGGRESSIVE;
				GCC_WARN_UNUSED_FUNCTION = YES;
				GCC_WARN_UNUSED_VARIABLE = YES;
				IPHONEOS_DEPLOYMENT_TARGET = 10.3;
				MTL_ENABLE_DEBUG_INFO = NO;
				SDKROOT = iphoneos;
				SWIFT_OPTIMIZATION_LEVEL = "-Owholemodule";
				TARGETED_DEVICE_FAMILY = "1,2";
				VALIDATE_PRODUCT = YES;
			};
			name = Release;
		};
		2279EFF81F5F394100BFE019 /* Debug */ = {
			isa = XCBuildConfiguration;
			baseConfigurationReference = 42A8A2B7776A041C9BB8EF69 /* Pods-RainyShine.debug.xcconfig */;
			buildSettings = {
				ASSETCATALOG_COMPILER_APPICON_NAME = AppIcon;
				DEVELOPMENT_TEAM = 29B6QCD9N8;
				INFOPLIST_FILE = RainyShine/Info.plist;
				LD_RUNPATH_SEARCH_PATHS = "$(inherited) @executable_path/Frameworks";
				PRODUCT_BUNDLE_IDENTIFIER = Tim.Serio.RainyShine;
				PRODUCT_NAME = "$(TARGET_NAME)";
				SWIFT_VERSION = 3.0;
			};
			name = Debug;
		};
		2279EFF91F5F394100BFE019 /* Release */ = {
			isa = XCBuildConfiguration;
			baseConfigurationReference = D9BC7A4F960B2E6DD222C4BE /* Pods-RainyShine.release.xcconfig */;
			buildSettings = {
				ASSETCATALOG_COMPILER_APPICON_NAME = AppIcon;
				DEVELOPMENT_TEAM = 29B6QCD9N8;
				INFOPLIST_FILE = RainyShine/Info.plist;
				LD_RUNPATH_SEARCH_PATHS = "$(inherited) @executable_path/Frameworks";
				PRODUCT_BUNDLE_IDENTIFIER = Tim.Serio.RainyShine;
				PRODUCT_NAME = "$(TARGET_NAME)";
				SWIFT_VERSION = 3.0;
			};
			name = Release;
		};
/* End XCBuildConfiguration section */

/* Begin XCConfigurationList section */
		2279EFE01F5F394000BFE019 /* Build configuration list for PBXProject "RainyShine" */ = {
			isa = XCConfigurationList;
			buildConfigurations = (
				2279EFF51F5F394100BFE019 /* Debug */,
				2279EFF61F5F394100BFE019 /* Release */,
			);
			defaultConfigurationIsVisible = 0;
			defaultConfigurationName = Release;
		};
		2279EFF71F5F394100BFE019 /* Build configuration list for PBXNativeTarget "RainyShine" */ = {
			isa = XCConfigurationList;
			buildConfigurations = (
				2279EFF81F5F394100BFE019 /* Debug */,
				2279EFF91F5F394100BFE019 /* Release */,
			);
			defaultConfigurationIsVisible = 0;
			defaultConfigurationName = Release;
		};
/* End XCConfigurationList section */
	};
	rootObject = 2279EFDD1F5F394000BFE019 /* Project object */;
}
