// !$*UTF8*$!
{
	archiveVersion = 1;
	classes = {
	};
	objectVersion = 46;
	objects = {

/* Begin PBXBuildFile section */
		2258D7D81F7C7E6200050358 /* AppDelegate.swift in Sources */ = {isa = PBXBuildFile; fileRef = 2258D7D71F7C7E6200050358 /* AppDelegate.swift */; };
		2258D7DA1F7C7E6200050358 /* CameraViewController.swift in Sources */ = {isa = PBXBuildFile; fileRef = 2258D7D91F7C7E6200050358 /* CameraViewController.swift */; };
		2258D7DD1F7C7E6300050358 /* Main.storyboard in Resources */ = {isa = PBXBuildFile; fileRef = 2258D7DB1F7C7E6300050358 /* Main.storyboard */; };
		2258D7DF1F7C7E6300050358 /* Assets.xcassets in Resources */ = {isa = PBXBuildFile; fileRef = 2258D7DE1F7C7E6300050358 /* Assets.xcassets */; };
		2258D7E21F7C7E6300050358 /* LaunchScreen.storyboard in Resources */ = {isa = PBXBuildFile; fileRef = 2258D7E01F7C7E6300050358 /* LaunchScreen.storyboard */; };
		2258D7F81F7D4C5200050358 /* AAPLCameraViewController.m in Sources */ = {isa = PBXBuildFile; fileRef = 2258D7F31F7D4C5200050358 /* AAPLCameraViewController.m */; };
		2258D7F91F7D4C5200050358 /* AAPLPreviewView.m in Sources */ = {isa = PBXBuildFile; fileRef = 2258D7F41F7D4C5200050358 /* AAPLPreviewView.m */; };
		2258D8021F7D883400050358 /* GoogleService-Info.plist in Resources */ = {isa = PBXBuildFile; fileRef = 2258D8011F7D883400050358 /* GoogleService-Info.plist */; };
		22CEEF521F802AA7005C2C19 /* AuthService.swift in Sources */ = {isa = PBXBuildFile; fileRef = 22CEEF511F802AA7005C2C19 /* AuthService.swift */; };
		22CEEF541F8040A7005C2C19 /* DataService.swift in Sources */ = {isa = PBXBuildFile; fileRef = 22CEEF531F8040A7005C2C19 /* DataService.swift */; };
		22CEEF561F804BF8005C2C19 /* UsersViewController.swift in Sources */ = {isa = PBXBuildFile; fileRef = 22CEEF551F804BF8005C2C19 /* UsersViewController.swift */; };
		22CEEF581F804E21005C2C19 /* UserTableViewCell.swift in Sources */ = {isa = PBXBuildFile; fileRef = 22CEEF571F804E21005C2C19 /* UserTableViewCell.swift */; };
		22CEEF5A1F809C46005C2C19 /* User.swift in Sources */ = {isa = PBXBuildFile; fileRef = 22CEEF591F809C46005C2C19 /* User.swift */; };
		22F2F37C1F7E7288002D797E /* RoundedButton.swift in Sources */ = {isa = PBXBuildFile; fileRef = 22F2F37B1F7E7287002D797E /* RoundedButton.swift */; };
		22F2F37E1F7EE46B002D797E /* LoginViewController.swift in Sources */ = {isa = PBXBuildFile; fileRef = 22F2F37D1F7EE46A002D797E /* LoginViewController.swift */; };
		22FC69C41F7DB94A006A2155 /* RoundTextField.swift in Sources */ = {isa = PBXBuildFile; fileRef = 22FC69C31F7DB94A006A2155 /* RoundTextField.swift */; };
		C7E90FA45D7085AD22777785 /* Pods_DevChat.framework in Frameworks */ = {isa = PBXBuildFile; fileRef = 2F00840125E3C826D794720C /* Pods_DevChat.framework */; };
/* End PBXBuildFile section */

/* Begin PBXFileReference section */
		2258D7D41F7C7E6200050358 /* DevChat.app */ = {isa = PBXFileReference; explicitFileType = wrapper.application; includeInIndex = 0; path = DevChat.app; sourceTree = BUILT_PRODUCTS_DIR; };
		2258D7D71F7C7E6200050358 /* AppDelegate.swift */ = {isa = PBXFileReference; lastKnownFileType = sourcecode.swift; path = AppDelegate.swift; sourceTree = "<group>"; };
		2258D7D91F7C7E6200050358 /* CameraViewController.swift */ = {isa = PBXFileReference; lastKnownFileType = sourcecode.swift; path = CameraViewController.swift; sourceTree = "<group>"; };
		2258D7DC1F7C7E6300050358 /* Base */ = {isa = PBXFileReference; lastKnownFileType = file.storyboard; name = Base; path = Base.lproj/Main.storyboard; sourceTree = "<group>"; };
		2258D7DE1F7C7E6300050358 /* Assets.xcassets */ = {isa = PBXFileReference; lastKnownFileType = folder.assetcatalog; path = Assets.xcassets; sourceTree = "<group>"; };
		2258D7E11F7C7E6300050358 /* Base */ = {isa = PBXFileReference; lastKnownFileType = file.storyboard; name = Base; path = Base.lproj/LaunchScreen.storyboard; sourceTree = "<group>"; };
		2258D7E31F7C7E6300050358 /* Info.plist */ = {isa = PBXFileReference; lastKnownFileType = text.plist.xml; path = Info.plist; sourceTree = "<group>"; };
		2258D7F31F7D4C5200050358 /* AAPLCameraViewController.m */ = {isa = PBXFileReference; fileEncoding = 4; lastKnownFileType = sourcecode.c.objc; path = AAPLCameraViewController.m; sourceTree = "<group>"; };
		2258D7F41F7D4C5200050358 /* AAPLPreviewView.m */ = {isa = PBXFileReference; fileEncoding = 4; lastKnownFileType = sourcecode.c.objc; path = AAPLPreviewView.m; sourceTree = "<group>"; };
		2258D7F61F7D4C5200050358 /* AAPLCameraViewController.h */ = {isa = PBXFileReference; fileEncoding = 4; lastKnownFileType = sourcecode.c.h; path = AAPLCameraViewController.h; sourceTree = "<group>"; };
		2258D7F71F7D4C5200050358 /* AAPLPreviewView.h */ = {isa = PBXFileReference; fileEncoding = 4; lastKnownFileType = sourcecode.c.h; path = AAPLPreviewView.h; sourceTree = "<group>"; };
		2258D7FA1F7D4CA900050358 /* DevChat-Bridging-Header.h */ = {isa = PBXFileReference; fileEncoding = 4; lastKnownFileType = sourcecode.c.h; path = "DevChat-Bridging-Header.h"; sourceTree = "<group>"; };
		2258D8001F7D6AC000050358 /* AAPLCameraVCDelegate.h */ = {isa = PBXFileReference; fileEncoding = 4; lastKnownFileType = sourcecode.c.h; path = AAPLCameraVCDelegate.h; sourceTree = "<group>"; };
		2258D8011F7D883400050358 /* GoogleService-Info.plist */ = {isa = PBXFileReference; fileEncoding = 4; lastKnownFileType = text.plist.xml; path = "GoogleService-Info.plist"; sourceTree = "<group>"; };
		22CEEF511F802AA7005C2C19 /* AuthService.swift */ = {isa = PBXFileReference; fileEncoding = 4; lastKnownFileType = sourcecode.swift; path = AuthService.swift; sourceTree = "<group>"; };
		22CEEF531F8040A7005C2C19 /* DataService.swift */ = {isa = PBXFileReference; fileEncoding = 4; lastKnownFileType = sourcecode.swift; path = DataService.swift; sourceTree = "<group>"; };
		22CEEF551F804BF8005C2C19 /* UsersViewController.swift */ = {isa = PBXFileReference; fileEncoding = 4; lastKnownFileType = sourcecode.swift; path = UsersViewController.swift; sourceTree = "<group>"; };
		22CEEF571F804E21005C2C19 /* UserTableViewCell.swift */ = {isa = PBXFileReference; fileEncoding = 4; lastKnownFileType = sourcecode.swift; path = UserTableViewCell.swift; sourceTree = "<group>"; };
		22CEEF591F809C46005C2C19 /* User.swift */ = {isa = PBXFileReference; fileEncoding = 4; lastKnownFileType = sourcecode.swift; path = User.swift; sourceTree = "<group>"; };
		22F2F37B1F7E7287002D797E /* RoundedButton.swift */ = {isa = PBXFileReference; fileEncoding = 4; lastKnownFileType = sourcecode.swift; path = RoundedButton.swift; sourceTree = "<group>"; };
		22F2F37D1F7EE46A002D797E /* LoginViewController.swift */ = {isa = PBXFileReference; fileEncoding = 4; lastKnownFileType = sourcecode.swift; path = LoginViewController.swift; sourceTree = "<group>"; };
		22FC69C31F7DB94A006A2155 /* RoundTextField.swift */ = {isa = PBXFileReference; fileEncoding = 4; lastKnownFileType = sourcecode.swift; path = RoundTextField.swift; sourceTree = "<group>"; };
		23984C42A06BB831D11A1AC3 /* Pods-DevChat.release.xcconfig */ = {isa = PBXFileReference; includeInIndex = 1; lastKnownFileType = text.xcconfig; name = "Pods-DevChat.release.xcconfig"; path = "Pods/Target Support Files/Pods-DevChat/Pods-DevChat.release.xcconfig"; sourceTree = "<group>"; };
		2F00840125E3C826D794720C /* Pods_DevChat.framework */ = {isa = PBXFileReference; explicitFileType = wrapper.framework; includeInIndex = 0; path = Pods_DevChat.framework; sourceTree = BUILT_PRODUCTS_DIR; };
		B28A5E963568E37A0B4B16CB /* Pods-DevChat.debug.xcconfig */ = {isa = PBXFileReference; includeInIndex = 1; lastKnownFileType = text.xcconfig; name = "Pods-DevChat.debug.xcconfig"; path = "Pods/Target Support Files/Pods-DevChat/Pods-DevChat.debug.xcconfig"; sourceTree = "<group>"; };
/* End PBXFileReference section */

/* Begin PBXFrameworksBuildPhase section */
		2258D7D11F7C7E6200050358 /* Frameworks */ = {
			isa = PBXFrameworksBuildPhase;
			buildActionMask = 2147483647;
			files = (
				C7E90FA45D7085AD22777785 /* Pods_DevChat.framework in Frameworks */,
			);
			runOnlyForDeploymentPostprocessing = 0;
		};
/* End PBXFrameworksBuildPhase section */

/* Begin PBXGroup section */
		2258D7CB1F7C7E6000050358 = {
			isa = PBXGroup;
			children = (
				2258D7D61F7C7E6200050358 /* DevChat */,
				2258D7D51F7C7E6200050358 /* Products */,
				432540F0A20C658326136B89 /* Pods */,
				2851AE5B85743A2FD6748EE7 /* Frameworks */,
			);
			sourceTree = "<group>";
		};
		2258D7D51F7C7E6200050358 /* Products */ = {
			isa = PBXGroup;
			children = (
				2258D7D41F7C7E6200050358 /* DevChat.app */,
			);
			name = Products;
			sourceTree = "<group>";
		};
		2258D7D61F7C7E6200050358 /* DevChat */ = {
			isa = PBXGroup;
			children = (
				22CEEF501F802A55005C2C19 /* Services */,
				2258D7FD1F7D68F600050358 /* Protocols */,
				2258D7F21F7C9CE600050358 /* Model */,
				2258D7F11F7C9CDD00050358 /* View */,
				2258D7F01F7C9CCF00050358 /* Controller */,
				2258D7D71F7C7E6200050358 /* AppDelegate.swift */,
				2258D7DB1F7C7E6300050358 /* Main.storyboard */,
				2258D7DE1F7C7E6300050358 /* Assets.xcassets */,
				2258D7E01F7C7E6300050358 /* LaunchScreen.storyboard */,
				2258D7E31F7C7E6300050358 /* Info.plist */,
				2258D7FA1F7D4CA900050358 /* DevChat-Bridging-Header.h */,
				2258D8011F7D883400050358 /* GoogleService-Info.plist */,
				22CEEF591F809C46005C2C19 /* User.swift */,
			);
			path = DevChat;
			sourceTree = "<group>";
		};
		2258D7F01F7C9CCF00050358 /* Controller */ = {
			isa = PBXGroup;
			children = (
				2258D7F61F7D4C5200050358 /* AAPLCameraViewController.h */,
				2258D7F31F7D4C5200050358 /* AAPLCameraViewController.m */,
				2258D7D91F7C7E6200050358 /* CameraViewController.swift */,
				22F2F37D1F7EE46A002D797E /* LoginViewController.swift */,
				22CEEF551F804BF8005C2C19 /* UsersViewController.swift */,
			);
			name = Controller;
			sourceTree = "<group>";
		};
		2258D7F11F7C9CDD00050358 /* View */ = {
			isa = PBXGroup;
			children = (
				2258D7F41F7D4C5200050358 /* AAPLPreviewView.m */,
				2258D7F71F7D4C5200050358 /* AAPLPreviewView.h */,
				22FC69C31F7DB94A006A2155 /* RoundTextField.swift */,
				22F2F37B1F7E7287002D797E /* RoundedButton.swift */,
				22CEEF571F804E21005C2C19 /* UserTableViewCell.swift */,
			);
			name = View;
			sourceTree = "<group>";
		};
		2258D7F21F7C9CE600050358 /* Model */ = {
			isa = PBXGroup;
			children = (
			);
			name = Model;
			sourceTree = "<group>";
		};
		2258D7FD1F7D68F600050358 /* Protocols */ = {
			isa = PBXGroup;
			children = (
				2258D8001F7D6AC000050358 /* AAPLCameraVCDelegate.h */,
			);
			name = Protocols;
			sourceTree = "<group>";
		};
		22CEEF501F802A55005C2C19 /* Services */ = {
			isa = PBXGroup;
			children = (
				22CEEF511F802AA7005C2C19 /* AuthService.swift */,
				22CEEF531F8040A7005C2C19 /* DataService.swift */,
			);
			name = Services;
			sourceTree = "<group>";
		};
		2851AE5B85743A2FD6748EE7 /* Frameworks */ = {
			isa = PBXGroup;
			children = (
				2F00840125E3C826D794720C /* Pods_DevChat.framework */,
			);
			name = Frameworks;
			sourceTree = "<group>";
		};
		432540F0A20C658326136B89 /* Pods */ = {
			isa = PBXGroup;
			children = (
				B28A5E963568E37A0B4B16CB /* Pods-DevChat.debug.xcconfig */,
				23984C42A06BB831D11A1AC3 /* Pods-DevChat.release.xcconfig */,
			);
			name = Pods;
			sourceTree = "<group>";
		};
/* End PBXGroup section */

/* Begin PBXNativeTarget section */
		2258D7D31F7C7E6200050358 /* DevChat */ = {
			isa = PBXNativeTarget;
			buildConfigurationList = 2258D7E61F7C7E6300050358 /* Build configuration list for PBXNativeTarget "DevChat" */;
			buildPhases = (
				78C59EACA5749710FA79C81F /* [CP] Check Pods Manifest.lock */,
				2258D7D01F7C7E6200050358 /* Sources */,
				2258D7D11F7C7E6200050358 /* Frameworks */,
				2258D7D21F7C7E6200050358 /* Resources */,
				77F53BABF1A555787D941821 /* [CP] Embed Pods Frameworks */,
				E7D6C40621C8AAF67CE24135 /* [CP] Copy Pods Resources */,
			);
			buildRules = (
			);
			dependencies = (
			);
			name = DevChat;
			productName = DevChat;
			productReference = 2258D7D41F7C7E6200050358 /* DevChat.app */;
			productType = "com.apple.product-type.application";
		};
/* End PBXNativeTarget section */

/* Begin PBXProject section */
		2258D7CC1F7C7E6100050358 /* Project object */ = {
			isa = PBXProject;
			attributes = {
				LastSwiftUpdateCheck = 0830;
				LastUpgradeCheck = 0830;
				ORGANIZATIONNAME = "Tim Serio";
				TargetAttributes = {
					2258D7D31F7C7E6200050358 = {
						CreatedOnToolsVersion = 8.3.3;
						DevelopmentTeam = 29B6QCD9N8;
						LastSwiftMigration = 0830;
						ProvisioningStyle = Automatic;
					};
				};
			};
			buildConfigurationList = 2258D7CF1F7C7E6100050358 /* Build configuration list for PBXProject "DevChat" */;
			compatibilityVersion = "Xcode 3.2";
			developmentRegion = English;
			hasScannedForEncodings = 0;
			knownRegions = (
				en,
				Base,
			);
			mainGroup = 2258D7CB1F7C7E6000050358;
			productRefGroup = 2258D7D51F7C7E6200050358 /* Products */;
			projectDirPath = "";
			projectRoot = "";
			targets = (
				2258D7D31F7C7E6200050358 /* DevChat */,
			);
		};
/* End PBXProject section */

/* Begin PBXResourcesBuildPhase section */
		2258D7D21F7C7E6200050358 /* Resources */ = {
			isa = PBXResourcesBuildPhase;
			buildActionMask = 2147483647;
			files = (
				2258D7E21F7C7E6300050358 /* LaunchScreen.storyboard in Resources */,
				2258D7DF1F7C7E6300050358 /* Assets.xcassets in Resources */,
				2258D8021F7D883400050358 /* GoogleService-Info.plist in Resources */,
				2258D7DD1F7C7E6300050358 /* Main.storyboard in Resources */,
			);
			runOnlyForDeploymentPostprocessing = 0;
		};
/* End PBXResourcesBuildPhase section */

/* Begin PBXShellScriptBuildPhase section */
		77F53BABF1A555787D941821 /* [CP] Embed Pods Frameworks */ = {
			isa = PBXShellScriptBuildPhase;
			buildActionMask = 2147483647;
			files = (
			);
			inputPaths = (
				"${SRCROOT}/Pods/Target Support Files/Pods-DevChat/Pods-DevChat-frameworks.sh",
				"${BUILT_PRODUCTS_DIR}/GTMSessionFetcher/GTMSessionFetcher.framework",
				"${BUILT_PRODUCTS_DIR}/GoogleToolboxForMac/GoogleToolboxForMac.framework",
				"${BUILT_PRODUCTS_DIR}/leveldb-library/leveldb.framework",
				"${BUILT_PRODUCTS_DIR}/nanopb/nanopb.framework",
			);
			name = "[CP] Embed Pods Frameworks";
			outputPaths = (
				"${TARGET_BUILD_DIR}/${FRAMEWORKS_FOLDER_PATH}/GTMSessionFetcher.framework",
				"${TARGET_BUILD_DIR}/${FRAMEWORKS_FOLDER_PATH}/GoogleToolboxForMac.framework",
				"${TARGET_BUILD_DIR}/${FRAMEWORKS_FOLDER_PATH}/leveldb.framework",
				"${TARGET_BUILD_DIR}/${FRAMEWORKS_FOLDER_PATH}/nanopb.framework",
			);
			runOnlyForDeploymentPostprocessing = 0;
			shellPath = /bin/sh;
			shellScript = "\"${SRCROOT}/Pods/Target Support Files/Pods-DevChat/Pods-DevChat-frameworks.sh\"\n";
			showEnvVarsInLog = 0;
		};
		78C59EACA5749710FA79C81F /* [CP] Check Pods Manifest.lock */ = {
			isa = PBXShellScriptBuildPhase;
			buildActionMask = 2147483647;
			files = (
			);
			inputPaths = (
				"${PODS_PODFILE_DIR_PATH}/Podfile.lock",
				"${PODS_ROOT}/Manifest.lock",
			);
			name = "[CP] Check Pods Manifest.lock";
			outputPaths = (
				"$(DERIVED_FILE_DIR)/Pods-DevChat-checkManifestLockResult.txt",
			);
			runOnlyForDeploymentPostprocessing = 0;
			shellPath = /bin/sh;
			shellScript = "diff \"${PODS_PODFILE_DIR_PATH}/Podfile.lock\" \"${PODS_ROOT}/Manifest.lock\" > /dev/null\nif [ $? != 0 ] ; then\n    # print error to STDERR\n    echo \"error: The sandbox is not in sync with the Podfile.lock. Run 'pod install' or update your CocoaPods installation.\" >&2\n    exit 1\nfi\n# This output is used by Xcode 'outputs' to avoid re-running this script phase.\necho \"SUCCESS\" > \"${SCRIPT_OUTPUT_FILE_0}\"\n";
			showEnvVarsInLog = 0;
		};
		E7D6C40621C8AAF67CE24135 /* [CP] Copy Pods Resources */ = {
			isa = PBXShellScriptBuildPhase;
			buildActionMask = 2147483647;
			files = (
			);
			inputPaths = (
			);
			name = "[CP] Copy Pods Resources";
			outputPaths = (
			);
			runOnlyForDeploymentPostprocessing = 0;
			shellPath = /bin/sh;
			shellScript = "\"${SRCROOT}/Pods/Target Support Files/Pods-DevChat/Pods-DevChat-resources.sh\"\n";
			showEnvVarsInLog = 0;
		};
/* End PBXShellScriptBuildPhase section */

/* Begin PBXSourcesBuildPhase section */
		2258D7D01F7C7E6200050358 /* Sources */ = {
			isa = PBXSourcesBuildPhase;
			buildActionMask = 2147483647;
			files = (
				22CEEF541F8040A7005C2C19 /* DataService.swift in Sources */,
				22F2F37E1F7EE46B002D797E /* LoginViewController.swift in Sources */,
				22CEEF581F804E21005C2C19 /* UserTableViewCell.swift in Sources */,
				2258D7DA1F7C7E6200050358 /* CameraViewController.swift in Sources */,
				22F2F37C1F7E7288002D797E /* RoundedButton.swift in Sources */,
				2258D7D81F7C7E6200050358 /* AppDelegate.swift in Sources */,
				22FC69C41F7DB94A006A2155 /* RoundTextField.swift in Sources */,
				2258D7F81F7D4C5200050358 /* AAPLCameraViewController.m in Sources */,
				22CEEF5A1F809C46005C2C19 /* User.swift in Sources */,
				22CEEF561F804BF8005C2C19 /* UsersViewController.swift in Sources */,
				2258D7F91F7D4C5200050358 /* AAPLPreviewView.m in Sources */,
				22CEEF521F802AA7005C2C19 /* AuthService.swift in Sources */,
			);
			runOnlyForDeploymentPostprocessing = 0;
		};
/* End PBXSourcesBuildPhase section */

/* Begin PBXVariantGroup section */
		2258D7DB1F7C7E6300050358 /* Main.storyboard */ = {
			isa = PBXVariantGroup;
			children = (
				2258D7DC1F7C7E6300050358 /* Base */,
			);
			name = Main.storyboard;
			sourceTree = "<group>";
		};
		2258D7E01F7C7E6300050358 /* LaunchScreen.storyboard */ = {
			isa = PBXVariantGroup;
			children = (
				2258D7E11F7C7E6300050358 /* Base */,
			);
			name = LaunchScreen.storyboard;
			sourceTree = "<group>";
		};
/* End PBXVariantGroup section */

/* Begin XCBuildConfiguration section */
		2258D7E41F7C7E6300050358 /* Debug */ = {
			isa = XCBuildConfiguration;
			buildSettings = {
				ALWAYS_SEARCH_USER_PATHS = NO;
				CLANG_ANALYZER_NONNULL = YES;
				CLANG_ANALYZER_NUMBER_OBJECT_CONVERSION = YES_AGGRESSIVE;
				CLANG_CXX_LANGUAGE_STANDARD = "gnu++0x";
				CLANG_CXX_LIBRARY = "libc++";
				CLANG_ENABLE_MODULES = YES;
				CLANG_ENABLE_OBJC_ARC = YES;
				CLANG_WARN_BOOL_CONVERSION = YES;
				CLANG_WARN_CONSTANT_CONVERSION = YES;
				CLANG_WARN_DIRECT_OBJC_ISA_USAGE = YES_ERROR;
				CLANG_WARN_DOCUMENTATION_COMMENTS = YES;
				CLANG_WARN_EMPTY_BODY = YES;
				CLANG_WARN_ENUM_CONVERSION = YES;
				CLANG_WARN_INFINITE_RECURSION = YES;
				CLANG_WARN_INT_CONVERSION = YES;
				CLANG_WARN_OBJC_ROOT_CLASS = YES_ERROR;
				CLANG_WARN_SUSPICIOUS_MOVE = YES;
				CLANG_WARN_UNREACHABLE_CODE = YES;
				CLANG_WARN__DUPLICATE_METHOD_MATCH = YES;
				"CODE_SIGN_IDENTITY[sdk=iphoneos*]" = "iPhone Developer";
				COPY_PHASE_STRIP = NO;
				DEBUG_INFORMATION_FORMAT = dwarf;
				ENABLE_STRICT_OBJC_MSGSEND = YES;
				ENABLE_TESTABILITY = YES;
				GCC_C_LANGUAGE_STANDARD = gnu99;
				GCC_DYNAMIC_NO_PIC = NO;
				GCC_NO_COMMON_BLOCKS = YES;
				GCC_OPTIMIZATION_LEVEL = 0;
				GCC_PREPROCESSOR_DEFINITIONS = (
					"DEBUG=1",
					"$(inherited)",
				);
				GCC_WARN_64_TO_32_BIT_CONVERSION = YES;
				GCC_WARN_ABOUT_RETURN_TYPE = YES_ERROR;
				GCC_WARN_UNDECLARED_SELECTOR = YES;
				GCC_WARN_UNINITIALIZED_AUTOS = YES_AGGRESSIVE;
				GCC_WARN_UNUSED_FUNCTION = YES;
				GCC_WARN_UNUSED_VARIABLE = YES;
				IPHONEOS_DEPLOYMENT_TARGET = 10.3;
				MTL_ENABLE_DEBUG_INFO = YES;
				ONLY_ACTIVE_ARCH = YES;
				SDKROOT = iphoneos;
				SWIFT_ACTIVE_COMPILATION_CONDITIONS = DEBUG;
				SWIFT_OPTIMIZATION_LEVEL = "-Onone";
				TARGETED_DEVICE_FAMILY = "1,2";
			};
			name = Debug;
		};
		2258D7E51F7C7E6300050358 /* Release */ = {
			isa = XCBuildConfiguration;
			buildSettings = {
				ALWAYS_SEARCH_USER_PATHS = NO;
				CLANG_ANALYZER_NONNULL = YES;
				CLANG_ANALYZER_NUMBER_OBJECT_CONVERSION = YES_AGGRESSIVE;
				CLANG_CXX_LANGUAGE_STANDARD = "gnu++0x";
				CLANG_CXX_LIBRARY = "libc++";
				CLANG_ENABLE_MODULES = YES;
				CLANG_ENABLE_OBJC_ARC = YES;
				CLANG_WARN_BOOL_CONVERSION = YES;
				CLANG_WARN_CONSTANT_CONVERSION = YES;
				CLANG_WARN_DIRECT_OBJC_ISA_USAGE = YES_ERROR;
				CLANG_WARN_DOCUMENTATION_COMMENTS = YES;
				CLANG_WARN_EMPTY_BODY = YES;
				CLANG_WARN_ENUM_CONVERSION = YES;
				CLANG_WARN_INFINITE_RECURSION = YES;
				CLANG_WARN_INT_CONVERSION = YES;
				CLANG_WARN_OBJC_ROOT_CLASS = YES_ERROR;
				CLANG_WARN_SUSPICIOUS_MOVE = YES;
				CLANG_WARN_UNREACHABLE_CODE = YES;
				CLANG_WARN__DUPLICATE_METHOD_MATCH = YES;
				"CODE_SIGN_IDENTITY[sdk=iphoneos*]" = "iPhone Developer";
				COPY_PHASE_STRIP = NO;
				DEBUG_INFORMATION_FORMAT = "dwarf-with-dsym";
				ENABLE_NS_ASSERTIONS = NO;
				ENABLE_STRICT_OBJC_MSGSEND = YES;
				GCC_C_LANGUAGE_STANDARD = gnu99;
				GCC_NO_COMMON_BLOCKS = YES;
				GCC_WARN_64_TO_32_BIT_CONVERSION = YES;
				GCC_WARN_ABOUT_RETURN_TYPE = YES_ERROR;
				GCC_WARN_UNDECLARED_SELECTOR = YES;
				GCC_WARN_UNINITIALIZED_AUTOS = YES_AGGRESSIVE;
				GCC_WARN_UNUSED_FUNCTION = YES;
				GCC_WARN_UNUSED_VARIABLE = YES;
				IPHONEOS_DEPLOYMENT_TARGET = 10.3;
				MTL_ENABLE_DEBUG_INFO = NO;
				SDKROOT = iphoneos;
				SWIFT_OPTIMIZATION_LEVEL = "-Owholemodule";
				TARGETED_DEVICE_FAMILY = "1,2";
				VALIDATE_PRODUCT = YES;
			};
			name = Release;
		};
		2258D7E71F7C7E6300050358 /* Debug */ = {
			isa = XCBuildConfiguration;
			baseConfigurationReference = B28A5E963568E37A0B4B16CB /* Pods-DevChat.debug.xcconfig */;
			buildSettings = {
				ASSETCATALOG_COMPILER_APPICON_NAME = AppIcon;
				CLANG_ENABLE_MODULES = YES;
				DEVELOPMENT_TEAM = 29B6QCD9N8;
				INFOPLIST_FILE = DevChat/Info.plist;
				LD_RUNPATH_SEARCH_PATHS = "$(inherited) @executable_path/Frameworks";
				PRODUCT_BUNDLE_IDENTIFIER = Tim.Serio.DevChat;
				PRODUCT_NAME = "$(TARGET_NAME)";
				SWIFT_OBJC_BRIDGING_HEADER = "DevChat/DevChat-Bridging-Header.h";
				SWIFT_OPTIMIZATION_LEVEL = "-Onone";
				SWIFT_VERSION = 3.0;
			};
			name = Debug;
		};
		2258D7E81F7C7E6300050358 /* Release */ = {
			isa = XCBuildConfiguration;
			baseConfigurationReference = 23984C42A06BB831D11A1AC3 /* Pods-DevChat.release.xcconfig */;
			buildSettings = {
				ASSETCATALOG_COMPILER_APPICON_NAME = AppIcon;
				CLANG_ENABLE_MODULES = YES;
				DEVELOPMENT_TEAM = 29B6QCD9N8;
				INFOPLIST_FILE = DevChat/Info.plist;
				LD_RUNPATH_SEARCH_PATHS = "$(inherited) @executable_path/Frameworks";
				PRODUCT_BUNDLE_IDENTIFIER = Tim.Serio.DevChat;
				PRODUCT_NAME = "$(TARGET_NAME)";
				SWIFT_OBJC_BRIDGING_HEADER = "DevChat/DevChat-Bridging-Header.h";
				SWIFT_VERSION = 3.0;
			};
			name = Release;
		};
/* End XCBuildConfiguration section */

/* Begin XCConfigurationList section */
		2258D7CF1F7C7E6100050358 /* Build configuration list for PBXProject "DevChat" */ = {
			isa = XCConfigurationList;
			buildConfigurations = (
				2258D7E41F7C7E6300050358 /* Debug */,
				2258D7E51F7C7E6300050358 /* Release */,
			);
			defaultConfigurationIsVisible = 0;
			defaultConfigurationName = Release;
		};
		2258D7E61F7C7E6300050358 /* Build configuration list for PBXNativeTarget "DevChat" */ = {
			isa = XCConfigurationList;
			buildConfigurations = (
				2258D7E71F7C7E6300050358 /* Debug */,
				2258D7E81F7C7E6300050358 /* Release */,
			);
			defaultConfigurationIsVisible = 0;
			defaultConfigurationName = Release;
		};
/* End XCConfigurationList section */
	};
	rootObject = 2258D7CC1F7C7E6100050358 /* Project object */;
}
