// !$*UTF8*$!
{
	archiveVersion = 1;
	classes = {
	};
	objectVersion = 46;
	objects = {

/* Begin PBXBuildFile section */
		227613D41F7350F700EFA0BA /* main.m in Sources */ = {isa = PBXBuildFile; fileRef = 227613D31F7350F700EFA0BA /* main.m */; };
		227613D71F7350F800EFA0BA /* AppDelegate.m in Sources */ = {isa = PBXBuildFile; fileRef = 227613D61F7350F800EFA0BA /* AppDelegate.m */; };
		227613DA1F7350F900EFA0BA /* ViewController.m in Sources */ = {isa = PBXBuildFile; fileRef = 227613D91F7350F900EFA0BA /* ViewController.m */; };
		227613DD1F7350FB00EFA0BA /* Main.storyboard in Resources */ = {isa = PBXBuildFile; fileRef = 227613DB1F7350FB00EFA0BA /* Main.storyboard */; };
		227613DF1F7350FB00EFA0BA /* Assets.xcassets in Resources */ = {isa = PBXBuildFile; fileRef = 227613DE1F7350FB00EFA0BA /* Assets.xcassets */; };
		227613E21F7350FB00EFA0BA /* LaunchScreen.storyboard in Resources */ = {isa = PBXBuildFile; fileRef = 227613E01F7350FB00EFA0BA /* LaunchScreen.storyboard */; };
/* End PBXBuildFile section */

/* Begin PBXFileReference section */
		227613CF1F7350F600EFA0BA /* HelloObjC.app */ = {isa = PBXFileReference; explicitFileType = wrapper.application; includeInIndex = 0; path = HelloObjC.app; sourceTree = BUILT_PRODUCTS_DIR; };
		227613D31F7350F700EFA0BA /* main.m */ = {isa = PBXFileReference; lastKnownFileType = sourcecode.c.objc; path = main.m; sourceTree = "<group>"; };
		227613D51F7350F700EFA0BA /* AppDelegate.h */ = {isa = PBXFileReference; lastKnownFileType = sourcecode.c.h; path = AppDelegate.h; sourceTree = "<group>"; };
		227613D61F7350F800EFA0BA /* AppDelegate.m */ = {isa = PBXFileReference; lastKnownFileType = sourcecode.c.objc; path = AppDelegate.m; sourceTree = "<group>"; };
		227613D81F7350F900EFA0BA /* ViewController.h */ = {isa = PBXFileReference; lastKnownFileType = sourcecode.c.h; path = ViewController.h; sourceTree = "<group>"; };
		227613D91F7350F900EFA0BA /* ViewController.m */ = {isa = PBXFileReference; lastKnownFileType = sourcecode.c.objc; path = ViewController.m; sourceTree = "<group>"; };
		227613DC1F7350FB00EFA0BA /* Base */ = {isa = PBXFileReference; lastKnownFileType = file.storyboard; name = Base; path = Base.lproj/Main.storyboard; sourceTree = "<group>"; };
		227613DE1F7350FB00EFA0BA /* Assets.xcassets */ = {isa = PBXFileReference; lastKnownFileType = folder.assetcatalog; path = Assets.xcassets; sourceTree = "<group>"; };
		227613E11F7350FB00EFA0BA /* Base */ = {isa = PBXFileReference; lastKnownFileType = file.storyboard; name = Base; path = Base.lproj/LaunchScreen.storyboard; sourceTree = "<group>"; };
		227613E31F7350FC00EFA0BA /* Info.plist */ = {isa = PBXFileReference; lastKnownFileType = text.plist.xml; path = Info.plist; sourceTree = "<group>"; };
/* End PBXFileReference section */

/* Begin PBXFrameworksBuildPhase section */
		227613CC1F7350F500EFA0BA /* Frameworks */ = {
			isa = PBXFrameworksBuildPhase;
			buildActionMask = 2147483647;
			files = (
			);
			runOnlyForDeploymentPostprocessing = 0;
		};
/* End PBXFrameworksBuildPhase section */

/* Begin PBXGroup section */
		227613C61F7350F400EFA0BA = {
			isa = PBXGroup;
			children = (
				227613D11F7350F600EFA0BA /* HelloObjC */,
				227613D01F7350F600EFA0BA /* Products */,
			);
			sourceTree = "<group>";
		};
		227613D01F7350F600EFA0BA /* Products */ = {
			isa = PBXGroup;
			children = (
				227613CF1F7350F600EFA0BA /* HelloObjC.app */,
			);
			name = Products;
			sourceTree = "<group>";
		};
		227613D11F7350F600EFA0BA /* HelloObjC */ = {
			isa = PBXGroup;
			children = (
				227613D51F7350F700EFA0BA /* AppDelegate.h */,
				227613D61F7350F800EFA0BA /* AppDelegate.m */,
				227613D81F7350F900EFA0BA /* ViewController.h */,
				227613D91F7350F900EFA0BA /* ViewController.m */,
				227613DB1F7350FB00EFA0BA /* Main.storyboard */,
				227613DE1F7350FB00EFA0BA /* Assets.xcassets */,
				227613E01F7350FB00EFA0BA /* LaunchScreen.storyboard */,
				227613E31F7350FC00EFA0BA /* Info.plist */,
				227613D21F7350F600EFA0BA /* Supporting Files */,
			);
			path = HelloObjC;
			sourceTree = "<group>";
		};
		227613D21F7350F600EFA0BA /* Supporting Files */ = {
			isa = PBXGroup;
			children = (
				227613D31F7350F700EFA0BA /* main.m */,
			);
			name = "Supporting Files";
			sourceTree = "<group>";
		};
/* End PBXGroup section */

/* Begin PBXNativeTarget section */
		227613CE1F7350F500EFA0BA /* HelloObjC */ = {
			isa = PBXNativeTarget;
			buildConfigurationList = 227613E61F7350FC00EFA0BA /* Build configuration list for PBXNativeTarget "HelloObjC" */;
			buildPhases = (
				227613CB1F7350F500EFA0BA /* Sources */,
				227613CC1F7350F500EFA0BA /* Frameworks */,
				227613CD1F7350F500EFA0BA /* Resources */,
			);
			buildRules = (
			);
			dependencies = (
			);
			name = HelloObjC;
			productName = HelloObjC;
			productReference = 227613CF1F7350F600EFA0BA /* HelloObjC.app */;
			productType = "com.apple.product-type.application";
		};
/* End PBXNativeTarget section */

/* Begin PBXProject section */
		227613C71F7350F500EFA0BA /* Project object */ = {
			isa = PBXProject;
			attributes = {
				LastUpgradeCheck = 0830;
				ORGANIZATIONNAME = "Tim Serio";
				TargetAttributes = {
					227613CE1F7350F500EFA0BA = {
						CreatedOnToolsVersion = 8.3.3;
						DevelopmentTeam = 29B6QCD9N8;
						ProvisioningStyle = Automatic;
					};
				};
			};
			buildConfigurationList = 227613CA1F7350F500EFA0BA /* Build configuration list for PBXProject "HelloObjC" */;
			compatibilityVersion = "Xcode 3.2";
			developmentRegion = English;
			hasScannedForEncodings = 0;
			knownRegions = (
				en,
				Base,
			);
			mainGroup = 227613C61F7350F400EFA0BA;
			productRefGroup = 227613D01F7350F600EFA0BA /* Products */;
			projectDirPath = "";
			projectRoot = "";
			targets = (
				227613CE1F7350F500EFA0BA /* HelloObjC */,
			);
		};
/* End PBXProject section */

/* Begin PBXResourcesBuildPhase section */
		227613CD1F7350F500EFA0BA /* Resources */ = {
			isa = PBXResourcesBuildPhase;
			buildActionMask = 2147483647;
			files = (
				227613E21F7350FB00EFA0BA /* LaunchScreen.storyboard in Resources */,
				227613DF1F7350FB00EFA0BA /* Assets.xcassets in Resources */,
				227613DD1F7350FB00EFA0BA /* Main.storyboard in Resources */,
			);
			runOnlyForDeploymentPostprocessing = 0;
		};
/* End PBXResourcesBuildPhase section */

/* Begin PBXSourcesBuildPhase section */
		227613CB1F7350F500EFA0BA /* Sources */ = {
			isa = PBXSourcesBuildPhase;
			buildActionMask = 2147483647;
			files = (
				227613DA1F7350F900EFA0BA /* ViewController.m in Sources */,
				227613D71F7350F800EFA0BA /* AppDelegate.m in Sources */,
				227613D41F7350F700EFA0BA /* main.m in Sources */,
			);
			runOnlyForDeploymentPostprocessing = 0;
		};
/* End PBXSourcesBuildPhase section */

/* Begin PBXVariantGroup section */
		227613DB1F7350FB00EFA0BA /* Main.storyboard */ = {
			isa = PBXVariantGroup;
			children = (
				227613DC1F7350FB00EFA0BA /* Base */,
			);
			name = Main.storyboard;
			sourceTree = "<group>";
		};
		227613E01F7350FB00EFA0BA /* LaunchScreen.storyboard */ = {
			isa = PBXVariantGroup;
			children = (
				227613E11F7350FB00EFA0BA /* Base */,
			);
			name = LaunchScreen.storyboard;
			sourceTree = "<group>";
		};
/* End PBXVariantGroup section */

/* Begin XCBuildConfiguration section */
		227613E41F7350FC00EFA0BA /* Debug */ = {
			isa = XCBuildConfiguration;
			buildSettings = {
				ALWAYS_SEARCH_USER_PATHS = NO;
				CLANG_ANALYZER_NONNULL = YES;
				CLANG_ANALYZER_NUMBER_OBJECT_CONVERSION = YES_AGGRESSIVE;
				CLANG_CXX_LANGUAGE_STANDARD = "gnu++0x";
				CLANG_CXX_LIBRARY = "libc++";
				CLANG_ENABLE_MODULES = YES;
				CLANG_ENABLE_OBJC_ARC = YES;
				CLANG_WARN_BOOL_CONVERSION = YES;
				CLANG_WARN_CONSTANT_CONVERSION = YES;
				CLANG_WARN_DIRECT_OBJC_ISA_USAGE = YES_ERROR;
				CLANG_WARN_DOCUMENTATION_COMMENTS = YES;
				CLANG_WARN_EMPTY_BODY = YES;
				CLANG_WARN_ENUM_CONVERSION = YES;
				CLANG_WARN_INFINITE_RECURSION = YES;
				CLANG_WARN_INT_CONVERSION = YES;
				CLANG_WARN_OBJC_ROOT_CLASS = YES_ERROR;
				CLANG_WARN_SUSPICIOUS_MOVE = YES;
				CLANG_WARN_UNREACHABLE_CODE = YES;
				CLANG_WARN__DUPLICATE_METHOD_MATCH = YES;
				"CODE_SIGN_IDENTITY[sdk=iphoneos*]" = "iPhone Developer";
				COPY_PHASE_STRIP = NO;
				DEBUG_INFORMATION_FORMAT = dwarf;
				ENABLE_STRICT_OBJC_MSGSEND = YES;
				ENABLE_TESTABILITY = YES;
				GCC_C_LANGUAGE_STANDARD = gnu99;
				GCC_DYNAMIC_NO_PIC = NO;
				GCC_NO_COMMON_BLOCKS = YES;
				GCC_OPTIMIZATION_LEVEL = 0;
				GCC_PREPROCESSOR_DEFINITIONS = (
					"DEBUG=1",
					"$(inherited)",
				);
				GCC_WARN_64_TO_32_BIT_CONVERSION = YES;
				GCC_WARN_ABOUT_RETURN_TYPE = YES_ERROR;
				GCC_WARN_UNDECLARED_SELECTOR = YES;
				GCC_WARN_UNINITIALIZED_AUTOS = YES_AGGRESSIVE;
				GCC_WARN_UNUSED_FUNCTION = YES;
				GCC_WARN_UNUSED_VARIABLE = YES;
				IPHONEOS_DEPLOYMENT_TARGET = 10.3;
				MTL_ENABLE_DEBUG_INFO = YES;
				ONLY_ACTIVE_ARCH = YES;
				SDKROOT = iphoneos;
				TARGETED_DEVICE_FAMILY = "1,2";
			};
			name = Debug;
		};
		227613E51F7350FC00EFA0BA /* Release */ = {
			isa = XCBuildConfiguration;
			buildSettings = {
				ALWAYS_SEARCH_USER_PATHS = NO;
				CLANG_ANALYZER_NONNULL = YES;
				CLANG_ANALYZER_NUMBER_OBJECT_CONVERSION = YES_AGGRESSIVE;
				CLANG_CXX_LANGUAGE_STANDARD = "gnu++0x";
				CLANG_CXX_LIBRARY = "libc++";
				CLANG_ENABLE_MODULES = YES;
				CLANG_ENABLE_OBJC_ARC = YES;
				CLANG_WARN_BOOL_CONVERSION = YES;
				CLANG_WARN_CONSTANT_CONVERSION = YES;
				CLANG_WARN_DIRECT_OBJC_ISA_USAGE = YES_ERROR;
				CLANG_WARN_DOCUMENTATION_COMMENTS = YES;
				CLANG_WARN_EMPTY_BODY = YES;
				CLANG_WARN_ENUM_CONVERSION = YES;
				CLANG_WARN_INFINITE_RECURSION = YES;
				CLANG_WARN_INT_CONVERSION = YES;
				CLANG_WARN_OBJC_ROOT_CLASS = YES_ERROR;
				CLANG_WARN_SUSPICIOUS_MOVE = YES;
				CLANG_WARN_UNREACHABLE_CODE = YES;
				CLANG_WARN__DUPLICATE_METHOD_MATCH = YES;
				"CODE_SIGN_IDENTITY[sdk=iphoneos*]" = "iPhone Developer";
				COPY_PHASE_STRIP = NO;
				DEBUG_INFORMATION_FORMAT = "dwarf-with-dsym";
				ENABLE_NS_ASSERTIONS = NO;
				ENABLE_STRICT_OBJC_MSGSEND = YES;
				GCC_C_LANGUAGE_STANDARD = gnu99;
				GCC_NO_COMMON_BLOCKS = YES;
				GCC_WARN_64_TO_32_BIT_CONVERSION = YES;
				GCC_WARN_ABOUT_RETURN_TYPE = YES_ERROR;
				GCC_WARN_UNDECLARED_SELECTOR = YES;
				GCC_WARN_UNINITIALIZED_AUTOS = YES_AGGRESSIVE;
				GCC_WARN_UNUSED_FUNCTION = YES;
				GCC_WARN_UNUSED_VARIABLE = YES;
				IPHONEOS_DEPLOYMENT_TARGET = 10.3;
				MTL_ENABLE_DEBUG_INFO = NO;
				SDKROOT = iphoneos;
				TARGETED_DEVICE_FAMILY = "1,2";
				VALIDATE_PRODUCT = YES;
			};
			name = Release;
		};
		227613E71F7350FC00EFA0BA /* Debug */ = {
			isa = XCBuildConfiguration;
			buildSettings = {
				ASSETCATALOG_COMPILER_APPICON_NAME = AppIcon;
				DEVELOPMENT_TEAM = 29B6QCD9N8;
				INFOPLIST_FILE = HelloObjC/Info.plist;
				LD_RUNPATH_SEARCH_PATHS = "$(inherited) @executable_path/Frameworks";
				PRODUCT_BUNDLE_IDENTIFIER = Tim.Serio.HelloObjC;
				PRODUCT_NAME = "$(TARGET_NAME)";
			};
			name = Debug;
		};
		227613E81F7350FC00EFA0BA /* Release */ = {
			isa = XCBuildConfiguration;
			buildSettings = {
				ASSETCATALOG_COMPILER_APPICON_NAME = AppIcon;
				DEVELOPMENT_TEAM = 29B6QCD9N8;
				INFOPLIST_FILE = HelloObjC/Info.plist;
				LD_RUNPATH_SEARCH_PATHS = "$(inherited) @executable_path/Frameworks";
				PRODUCT_BUNDLE_IDENTIFIER = Tim.Serio.HelloObjC;
				PRODUCT_NAME = "$(TARGET_NAME)";
			};
			name = Release;
		};
/* End XCBuildConfiguration section */

/* Begin XCConfigurationList section */
		227613CA1F7350F500EFA0BA /* Build configuration list for PBXProject "HelloObjC" */ = {
			isa = XCConfigurationList;
			buildConfigurations = (
				227613E41F7350FC00EFA0BA /* Debug */,
				227613E51F7350FC00EFA0BA /* Release */,
			);
			defaultConfigurationIsVisible = 0;
			defaultConfigurationName = Release;
		};
		227613E61F7350FC00EFA0BA /* Build configuration list for PBXNativeTarget "HelloObjC" */ = {
			isa = XCConfigurationList;
			buildConfigurations = (
				227613E71F7350FC00EFA0BA /* Debug */,
				227613E81F7350FC00EFA0BA /* Release */,
			);
			defaultConfigurationIsVisible = 0;
		};
/* End XCConfigurationList section */
	};
	rootObject = 227613C71F7350F500EFA0BA /* Project object */;
}
