// !$*UTF8*$!
{
	archiveVersion = 1;
	classes = {
	};
	objectVersion = 46;
	objects = {

/* Begin PBXBuildFile section */
		22327C681F78420200A8A8A9 /* main.m in Sources */ = {isa = PBXBuildFile; fileRef = 22327C671F78420200A8A8A9 /* main.m */; };
		22327C6B1F78420200A8A8A9 /* AppDelegate.m in Sources */ = {isa = PBXBuildFile; fileRef = 22327C6A1F78420200A8A8A9 /* AppDelegate.m */; };
		22327C6E1F78420300A8A8A9 /* ViewController.m in Sources */ = {isa = PBXBuildFile; fileRef = 22327C6D1F78420300A8A8A9 /* ViewController.m */; };
		22327C711F78420300A8A8A9 /* Main.storyboard in Resources */ = {isa = PBXBuildFile; fileRef = 22327C6F1F78420300A8A8A9 /* Main.storyboard */; };
		22327C731F78420300A8A8A9 /* Assets.xcassets in Resources */ = {isa = PBXBuildFile; fileRef = 22327C721F78420300A8A8A9 /* Assets.xcassets */; };
		22327C761F78420300A8A8A9 /* LaunchScreen.storyboard in Resources */ = {isa = PBXBuildFile; fileRef = 22327C741F78420300A8A8A9 /* LaunchScreen.storyboard */; };
		224E4C821F7842DD00345452 /* Honda.m in Sources */ = {isa = PBXBuildFile; fileRef = 224E4C811F7842DD00345452 /* Honda.m */; };
		224E4C851F7843EF00345452 /* Honda+SoupedUp.m in Sources */ = {isa = PBXBuildFile; fileRef = 224E4C841F7843EF00345452 /* Honda+SoupedUp.m */; };
/* End PBXBuildFile section */

/* Begin PBXFileReference section */
		22327C631F78420200A8A8A9 /* ObjCCategories.app */ = {isa = PBXFileReference; explicitFileType = wrapper.application; includeInIndex = 0; path = ObjCCategories.app; sourceTree = BUILT_PRODUCTS_DIR; };
		22327C671F78420200A8A8A9 /* main.m */ = {isa = PBXFileReference; lastKnownFileType = sourcecode.c.objc; path = main.m; sourceTree = "<group>"; };
		22327C691F78420200A8A8A9 /* AppDelegate.h */ = {isa = PBXFileReference; lastKnownFileType = sourcecode.c.h; path = AppDelegate.h; sourceTree = "<group>"; };
		22327C6A1F78420200A8A8A9 /* AppDelegate.m */ = {isa = PBXFileReference; lastKnownFileType = sourcecode.c.objc; path = AppDelegate.m; sourceTree = "<group>"; };
		22327C6C1F78420300A8A8A9 /* ViewController.h */ = {isa = PBXFileReference; lastKnownFileType = sourcecode.c.h; path = ViewController.h; sourceTree = "<group>"; };
		22327C6D1F78420300A8A8A9 /* ViewController.m */ = {isa = PBXFileReference; lastKnownFileType = sourcecode.c.objc; path = ViewController.m; sourceTree = "<group>"; };
		22327C701F78420300A8A8A9 /* Base */ = {isa = PBXFileReference; lastKnownFileType = file.storyboard; name = Base; path = Base.lproj/Main.storyboard; sourceTree = "<group>"; };
		22327C721F78420300A8A8A9 /* Assets.xcassets */ = {isa = PBXFileReference; lastKnownFileType = folder.assetcatalog; path = Assets.xcassets; sourceTree = "<group>"; };
		22327C751F78420300A8A8A9 /* Base */ = {isa = PBXFileReference; lastKnownFileType = file.storyboard; name = Base; path = Base.lproj/LaunchScreen.storyboard; sourceTree = "<group>"; };
		22327C771F78420300A8A8A9 /* Info.plist */ = {isa = PBXFileReference; lastKnownFileType = text.plist.xml; path = Info.plist; sourceTree = "<group>"; };
		224E4C801F7842DD00345452 /* Honda.h */ = {isa = PBXFileReference; fileEncoding = 4; lastKnownFileType = sourcecode.c.h; path = Honda.h; sourceTree = "<group>"; };
		224E4C811F7842DD00345452 /* Honda.m */ = {isa = PBXFileReference; fileEncoding = 4; lastKnownFileType = sourcecode.c.objc; path = Honda.m; sourceTree = "<group>"; };
		224E4C831F7843EF00345452 /* Honda+SoupedUp.h */ = {isa = PBXFileReference; fileEncoding = 4; lastKnownFileType = sourcecode.c.h; path = "Honda+SoupedUp.h"; sourceTree = "<group>"; };
		224E4C841F7843EF00345452 /* Honda+SoupedUp.m */ = {isa = PBXFileReference; fileEncoding = 4; lastKnownFileType = sourcecode.c.objc; path = "Honda+SoupedUp.m"; sourceTree = "<group>"; };
/* End PBXFileReference section */

/* Begin PBXFrameworksBuildPhase section */
		22327C601F78420200A8A8A9 /* Frameworks */ = {
			isa = PBXFrameworksBuildPhase;
			buildActionMask = 2147483647;
			files = (
			);
			runOnlyForDeploymentPostprocessing = 0;
		};
/* End PBXFrameworksBuildPhase section */

/* Begin PBXGroup section */
		22327C5A1F78420200A8A8A9 = {
			isa = PBXGroup;
			children = (
				22327C651F78420200A8A8A9 /* ObjCCategories */,
				22327C641F78420200A8A8A9 /* Products */,
			);
			sourceTree = "<group>";
		};
		22327C641F78420200A8A8A9 /* Products */ = {
			isa = PBXGroup;
			children = (
				22327C631F78420200A8A8A9 /* ObjCCategories.app */,
			);
			name = Products;
			sourceTree = "<group>";
		};
		22327C651F78420200A8A8A9 /* ObjCCategories */ = {
			isa = PBXGroup;
			children = (
				22327C691F78420200A8A8A9 /* AppDelegate.h */,
				22327C6A1F78420200A8A8A9 /* AppDelegate.m */,
				224E4C801F7842DD00345452 /* Honda.h */,
				224E4C811F7842DD00345452 /* Honda.m */,
				22327C6C1F78420300A8A8A9 /* ViewController.h */,
				22327C6D1F78420300A8A8A9 /* ViewController.m */,
				22327C6F1F78420300A8A8A9 /* Main.storyboard */,
				22327C721F78420300A8A8A9 /* Assets.xcassets */,
				22327C741F78420300A8A8A9 /* LaunchScreen.storyboard */,
				22327C771F78420300A8A8A9 /* Info.plist */,
				22327C661F78420200A8A8A9 /* Supporting Files */,
				224E4C831F7843EF00345452 /* Honda+SoupedUp.h */,
				224E4C841F7843EF00345452 /* Honda+SoupedUp.m */,
			);
			path = ObjCCategories;
			sourceTree = "<group>";
		};
		22327C661F78420200A8A8A9 /* Supporting Files */ = {
			isa = PBXGroup;
			children = (
				22327C671F78420200A8A8A9 /* main.m */,
			);
			name = "Supporting Files";
			sourceTree = "<group>";
		};
/* End PBXGroup section */

/* Begin PBXNativeTarget section */
		22327C621F78420200A8A8A9 /* ObjCCategories */ = {
			isa = PBXNativeTarget;
			buildConfigurationList = 22327C7A1F78420300A8A8A9 /* Build configuration list for PBXNativeTarget "ObjCCategories" */;
			buildPhases = (
				22327C5F1F78420200A8A8A9 /* Sources */,
				22327C601F78420200A8A8A9 /* Frameworks */,
				22327C611F78420200A8A8A9 /* Resources */,
			);
			buildRules = (
			);
			dependencies = (
			);
			name = ObjCCategories;
			productName = ObjCCategories;
			productReference = 22327C631F78420200A8A8A9 /* ObjCCategories.app */;
			productType = "com.apple.product-type.application";
		};
/* End PBXNativeTarget section */

/* Begin PBXProject section */
		22327C5B1F78420200A8A8A9 /* Project object */ = {
			isa = PBXProject;
			attributes = {
				LastUpgradeCheck = 0830;
				ORGANIZATIONNAME = "Tim Serio";
				TargetAttributes = {
					22327C621F78420200A8A8A9 = {
						CreatedOnToolsVersion = 8.3.3;
						DevelopmentTeam = 29B6QCD9N8;
						ProvisioningStyle = Automatic;
					};
				};
			};
			buildConfigurationList = 22327C5E1F78420200A8A8A9 /* Build configuration list for PBXProject "ObjCCategories" */;
			compatibilityVersion = "Xcode 3.2";
			developmentRegion = English;
			hasScannedForEncodings = 0;
			knownRegions = (
				en,
				Base,
			);
			mainGroup = 22327C5A1F78420200A8A8A9;
			productRefGroup = 22327C641F78420200A8A8A9 /* Products */;
			projectDirPath = "";
			projectRoot = "";
			targets = (
				22327C621F78420200A8A8A9 /* ObjCCategories */,
			);
		};
/* End PBXProject section */

/* Begin PBXResourcesBuildPhase section */
		22327C611F78420200A8A8A9 /* Resources */ = {
			isa = PBXResourcesBuildPhase;
			buildActionMask = 2147483647;
			files = (
				22327C761F78420300A8A8A9 /* LaunchScreen.storyboard in Resources */,
				22327C731F78420300A8A8A9 /* Assets.xcassets in Resources */,
				22327C711F78420300A8A8A9 /* Main.storyboard in Resources */,
			);
			runOnlyForDeploymentPostprocessing = 0;
		};
/* End PBXResourcesBuildPhase section */

/* Begin PBXSourcesBuildPhase section */
		22327C5F1F78420200A8A8A9 /* Sources */ = {
			isa = PBXSourcesBuildPhase;
			buildActionMask = 2147483647;
			files = (
				224E4C821F7842DD00345452 /* Honda.m in Sources */,
				224E4C851F7843EF00345452 /* Honda+SoupedUp.m in Sources */,
				22327C6E1F78420300A8A8A9 /* ViewController.m in Sources */,
				22327C6B1F78420200A8A8A9 /* AppDelegate.m in Sources */,
				22327C681F78420200A8A8A9 /* main.m in Sources */,
			);
			runOnlyForDeploymentPostprocessing = 0;
		};
/* End PBXSourcesBuildPhase section */

/* Begin PBXVariantGroup section */
		22327C6F1F78420300A8A8A9 /* Main.storyboard */ = {
			isa = PBXVariantGroup;
			children = (
				22327C701F78420300A8A8A9 /* Base */,
			);
			name = Main.storyboard;
			sourceTree = "<group>";
		};
		22327C741F78420300A8A8A9 /* LaunchScreen.storyboard */ = {
			isa = PBXVariantGroup;
			children = (
				22327C751F78420300A8A8A9 /* Base */,
			);
			name = LaunchScreen.storyboard;
			sourceTree = "<group>";
		};
/* End PBXVariantGroup section */

/* Begin XCBuildConfiguration section */
		22327C781F78420300A8A8A9 /* Debug */ = {
			isa = XCBuildConfiguration;
			buildSettings = {
				ALWAYS_SEARCH_USER_PATHS = NO;
				CLANG_ANALYZER_NONNULL = YES;
				CLANG_ANALYZER_NUMBER_OBJECT_CONVERSION = YES_AGGRESSIVE;
				CLANG_CXX_LANGUAGE_STANDARD = "gnu++0x";
				CLANG_CXX_LIBRARY = "libc++";
				CLANG_ENABLE_MODULES = YES;
				CLANG_ENABLE_OBJC_ARC = YES;
				CLANG_WARN_BOOL_CONVERSION = YES;
				CLANG_WARN_CONSTANT_CONVERSION = YES;
				CLANG_WARN_DIRECT_OBJC_ISA_USAGE = YES_ERROR;
				CLANG_WARN_DOCUMENTATION_COMMENTS = YES;
				CLANG_WARN_EMPTY_BODY = YES;
				CLANG_WARN_ENUM_CONVERSION = YES;
				CLANG_WARN_INFINITE_RECURSION = YES;
				CLANG_WARN_INT_CONVERSION = YES;
				CLANG_WARN_OBJC_ROOT_CLASS = YES_ERROR;
				CLANG_WARN_SUSPICIOUS_MOVE = YES;
				CLANG_WARN_UNREACHABLE_CODE = YES;
				CLANG_WARN__DUPLICATE_METHOD_MATCH = YES;
				"CODE_SIGN_IDENTITY[sdk=iphoneos*]" = "iPhone Developer";
				COPY_PHASE_STRIP = NO;
				DEBUG_INFORMATION_FORMAT = dwarf;
				ENABLE_STRICT_OBJC_MSGSEND = YES;
				ENABLE_TESTABILITY = YES;
				GCC_C_LANGUAGE_STANDARD = gnu99;
				GCC_DYNAMIC_NO_PIC = NO;
				GCC_NO_COMMON_BLOCKS = YES;
				GCC_OPTIMIZATION_LEVEL = 0;
				GCC_PREPROCESSOR_DEFINITIONS = (
					"DEBUG=1",
					"$(inherited)",
				);
				GCC_WARN_64_TO_32_BIT_CONVERSION = YES;
				GCC_WARN_ABOUT_RETURN_TYPE = YES_ERROR;
				GCC_WARN_UNDECLARED_SELECTOR = YES;
				GCC_WARN_UNINITIALIZED_AUTOS = YES_AGGRESSIVE;
				GCC_WARN_UNUSED_FUNCTION = YES;
				GCC_WARN_UNUSED_VARIABLE = YES;
				IPHONEOS_DEPLOYMENT_TARGET = 10.3;
				MTL_ENABLE_DEBUG_INFO = YES;
				ONLY_ACTIVE_ARCH = YES;
				SDKROOT = iphoneos;
				TARGETED_DEVICE_FAMILY = "1,2";
			};
			name = Debug;
		};
		22327C791F78420300A8A8A9 /* Release */ = {
			isa = XCBuildConfiguration;
			buildSettings = {
				ALWAYS_SEARCH_USER_PATHS = NO;
				CLANG_ANALYZER_NONNULL = YES;
				CLANG_ANALYZER_NUMBER_OBJECT_CONVERSION = YES_AGGRESSIVE;
				CLANG_CXX_LANGUAGE_STANDARD = "gnu++0x";
				CLANG_CXX_LIBRARY = "libc++";
				CLANG_ENABLE_MODULES = YES;
				CLANG_ENABLE_OBJC_ARC = YES;
				CLANG_WARN_BOOL_CONVERSION = YES;
				CLANG_WARN_CONSTANT_CONVERSION = YES;
				CLANG_WARN_DIRECT_OBJC_ISA_USAGE = YES_ERROR;
				CLANG_WARN_DOCUMENTATION_COMMENTS = YES;
				CLANG_WARN_EMPTY_BODY = YES;
				CLANG_WARN_ENUM_CONVERSION = YES;
				CLANG_WARN_INFINITE_RECURSION = YES;
				CLANG_WARN_INT_CONVERSION = YES;
				CLANG_WARN_OBJC_ROOT_CLASS = YES_ERROR;
				CLANG_WARN_SUSPICIOUS_MOVE = YES;
				CLANG_WARN_UNREACHABLE_CODE = YES;
				CLANG_WARN__DUPLICATE_METHOD_MATCH = YES;
				"CODE_SIGN_IDENTITY[sdk=iphoneos*]" = "iPhone Developer";
				COPY_PHASE_STRIP = NO;
				DEBUG_INFORMATION_FORMAT = "dwarf-with-dsym";
				ENABLE_NS_ASSERTIONS = NO;
				ENABLE_STRICT_OBJC_MSGSEND = YES;
				GCC_C_LANGUAGE_STANDARD = gnu99;
				GCC_NO_COMMON_BLOCKS = YES;
				GCC_WARN_64_TO_32_BIT_CONVERSION = YES;
				GCC_WARN_ABOUT_RETURN_TYPE = YES_ERROR;
				GCC_WARN_UNDECLARED_SELECTOR = YES;
				GCC_WARN_UNINITIALIZED_AUTOS = YES_AGGRESSIVE;
				GCC_WARN_UNUSED_FUNCTION = YES;
				GCC_WARN_UNUSED_VARIABLE = YES;
				IPHONEOS_DEPLOYMENT_TARGET = 10.3;
				MTL_ENABLE_DEBUG_INFO = NO;
				SDKROOT = iphoneos;
				TARGETED_DEVICE_FAMILY = "1,2";
				VALIDATE_PRODUCT = YES;
			};
			name = Release;
		};
		22327C7B1F78420300A8A8A9 /* Debug */ = {
			isa = XCBuildConfiguration;
			buildSettings = {
				ASSETCATALOG_COMPILER_APPICON_NAME = AppIcon;
				DEVELOPMENT_TEAM = 29B6QCD9N8;
				INFOPLIST_FILE = ObjCCategories/Info.plist;
				LD_RUNPATH_SEARCH_PATHS = "$(inherited) @executable_path/Frameworks";
				PRODUCT_BUNDLE_IDENTIFIER = Tim.Serio.ObjCCategories;
				PRODUCT_NAME = "$(TARGET_NAME)";
			};
			name = Debug;
		};
		22327C7C1F78420300A8A8A9 /* Release */ = {
			isa = XCBuildConfiguration;
			buildSettings = {
				ASSETCATALOG_COMPILER_APPICON_NAME = AppIcon;
				DEVELOPMENT_TEAM = 29B6QCD9N8;
				INFOPLIST_FILE = ObjCCategories/Info.plist;
				LD_RUNPATH_SEARCH_PATHS = "$(inherited) @executable_path/Frameworks";
				PRODUCT_BUNDLE_IDENTIFIER = Tim.Serio.ObjCCategories;
				PRODUCT_NAME = "$(TARGET_NAME)";
			};
			name = Release;
		};
/* End XCBuildConfiguration section */

/* Begin XCConfigurationList section */
		22327C5E1F78420200A8A8A9 /* Build configuration list for PBXProject "ObjCCategories" */ = {
			isa = XCConfigurationList;
			buildConfigurations = (
				22327C781F78420300A8A8A9 /* Debug */,
				22327C791F78420300A8A8A9 /* Release */,
			);
			defaultConfigurationIsVisible = 0;
			defaultConfigurationName = Release;
		};
		22327C7A1F78420300A8A8A9 /* Build configuration list for PBXNativeTarget "ObjCCategories" */ = {
			isa = XCConfigurationList;
			buildConfigurations = (
				22327C7B1F78420300A8A8A9 /* Debug */,
				22327C7C1F78420300A8A8A9 /* Release */,
			);
			defaultConfigurationIsVisible = 0;
			defaultConfigurationName = Release;
		};
/* End XCConfigurationList section */
	};
	rootObject = 22327C5B1F78420200A8A8A9 /* Project object */;
}
