// !$*UTF8*$!
{
	archiveVersion = 1;
	classes = {
	};
	objectVersion = 46;
	objects = {

/* Begin PBXBuildFile section */
		222DDC651F3D030E00D0A4EB /* AppDelegate.swift in Sources */ = {isa = PBXBuildFile; fileRef = 222DDC641F3D030E00D0A4EB /* AppDelegate.swift */; };
		222DDC671F3D030E00D0A4EB /* ViewController.swift in Sources */ = {isa = PBXBuildFile; fileRef = 222DDC661F3D030E00D0A4EB /* ViewController.swift */; };
		222DDC6A1F3D030E00D0A4EB /* Main.storyboard in Resources */ = {isa = PBXBuildFile; fileRef = 222DDC681F3D030E00D0A4EB /* Main.storyboard */; };
		222DDC6C1F3D030E00D0A4EB /* Assets.xcassets in Resources */ = {isa = PBXBuildFile; fileRef = 222DDC6B1F3D030E00D0A4EB /* Assets.xcassets */; };
		222DDC6F1F3D030E00D0A4EB /* LaunchScreen.storyboard in Resources */ = {isa = PBXBuildFile; fileRef = 222DDC6D1F3D030E00D0A4EB /* LaunchScreen.storyboard */; };
/* End PBXBuildFile section */

/* Begin PBXFileReference section */
		222DDC611F3D030E00D0A4EB /* Presentations.app */ = {isa = PBXFileReference; explicitFileType = wrapper.application; includeInIndex = 0; path = Presentations.app; sourceTree = BUILT_PRODUCTS_DIR; };
		222DDC641F3D030E00D0A4EB /* AppDelegate.swift */ = {isa = PBXFileReference; lastKnownFileType = sourcecode.swift; path = AppDelegate.swift; sourceTree = "<group>"; };
		222DDC661F3D030E00D0A4EB /* ViewController.swift */ = {isa = PBXFileReference; lastKnownFileType = sourcecode.swift; path = ViewController.swift; sourceTree = "<group>"; };
		222DDC691F3D030E00D0A4EB /* Base */ = {isa = PBXFileReference; lastKnownFileType = file.storyboard; name = Base; path = Base.lproj/Main.storyboard; sourceTree = "<group>"; };
		222DDC6B1F3D030E00D0A4EB /* Assets.xcassets */ = {isa = PBXFileReference; lastKnownFileType = folder.assetcatalog; path = Assets.xcassets; sourceTree = "<group>"; };
		222DDC6E1F3D030E00D0A4EB /* Base */ = {isa = PBXFileReference; lastKnownFileType = file.storyboard; name = Base; path = Base.lproj/LaunchScreen.storyboard; sourceTree = "<group>"; };
		222DDC701F3D030E00D0A4EB /* Info.plist */ = {isa = PBXFileReference; lastKnownFileType = text.plist.xml; path = Info.plist; sourceTree = "<group>"; };
/* End PBXFileReference section */

/* Begin PBXFrameworksBuildPhase section */
		222DDC5E1F3D030E00D0A4EB /* Frameworks */ = {
			isa = PBXFrameworksBuildPhase;
			buildActionMask = 2147483647;
			files = (
			);
			runOnlyForDeploymentPostprocessing = 0;
		};
/* End PBXFrameworksBuildPhase section */

/* Begin PBXGroup section */
		222DDC581F3D030D00D0A4EB = {
			isa = PBXGroup;
			children = (
				222DDC631F3D030E00D0A4EB /* Presentations */,
				222DDC621F3D030E00D0A4EB /* Products */,
			);
			sourceTree = "<group>";
		};
		222DDC621F3D030E00D0A4EB /* Products */ = {
			isa = PBXGroup;
			children = (
				222DDC611F3D030E00D0A4EB /* Presentations.app */,
			);
			name = Products;
			sourceTree = "<group>";
		};
		222DDC631F3D030E00D0A4EB /* Presentations */ = {
			isa = PBXGroup;
			children = (
				222DDC641F3D030E00D0A4EB /* AppDelegate.swift */,
				222DDC661F3D030E00D0A4EB /* ViewController.swift */,
				222DDC681F3D030E00D0A4EB /* Main.storyboard */,
				222DDC6B1F3D030E00D0A4EB /* Assets.xcassets */,
				222DDC6D1F3D030E00D0A4EB /* LaunchScreen.storyboard */,
				222DDC701F3D030E00D0A4EB /* Info.plist */,
			);
			path = Presentations;
			sourceTree = "<group>";
		};
/* End PBXGroup section */

/* Begin PBXNativeTarget section */
		222DDC601F3D030E00D0A4EB /* Presentations */ = {
			isa = PBXNativeTarget;
			buildConfigurationList = 222DDC731F3D030E00D0A4EB /* Build configuration list for PBXNativeTarget "Presentations" */;
			buildPhases = (
				222DDC5D1F3D030E00D0A4EB /* Sources */,
				222DDC5E1F3D030E00D0A4EB /* Frameworks */,
				222DDC5F1F3D030E00D0A4EB /* Resources */,
			);
			buildRules = (
			);
			dependencies = (
			);
			name = Presentations;
			productName = Presentations;
			productReference = 222DDC611F3D030E00D0A4EB /* Presentations.app */;
			productType = "com.apple.product-type.application";
		};
/* End PBXNativeTarget section */

/* Begin PBXProject section */
		222DDC591F3D030D00D0A4EB /* Project object */ = {
			isa = PBXProject;
			attributes = {
				LastSwiftUpdateCheck = 0830;
				LastUpgradeCheck = 0830;
				ORGANIZATIONNAME = "Tim Serio";
				TargetAttributes = {
					222DDC601F3D030E00D0A4EB = {
						CreatedOnToolsVersion = 8.3.3;
						DevelopmentTeam = 29B6QCD9N8;
						ProvisioningStyle = Automatic;
					};
				};
			};
			buildConfigurationList = 222DDC5C1F3D030D00D0A4EB /* Build configuration list for PBXProject "Presentations" */;
			compatibilityVersion = "Xcode 3.2";
			developmentRegion = English;
			hasScannedForEncodings = 0;
			knownRegions = (
				en,
				Base,
			);
			mainGroup = 222DDC581F3D030D00D0A4EB;
			productRefGroup = 222DDC621F3D030E00D0A4EB /* Products */;
			projectDirPath = "";
			projectRoot = "";
			targets = (
				222DDC601F3D030E00D0A4EB /* Presentations */,
			);
		};
/* End PBXProject section */

/* Begin PBXResourcesBuildPhase section */
		222DDC5F1F3D030E00D0A4EB /* Resources */ = {
			isa = PBXResourcesBuildPhase;
			buildActionMask = 2147483647;
			files = (
				222DDC6F1F3D030E00D0A4EB /* LaunchScreen.storyboard in Resources */,
				222DDC6C1F3D030E00D0A4EB /* Assets.xcassets in Resources */,
				222DDC6A1F3D030E00D0A4EB /* Main.storyboard in Resources */,
			);
			runOnlyForDeploymentPostprocessing = 0;
		};
/* End PBXResourcesBuildPhase section */

/* Begin PBXSourcesBuildPhase section */
		222DDC5D1F3D030E00D0A4EB /* Sources */ = {
			isa = PBXSourcesBuildPhase;
			buildActionMask = 2147483647;
			files = (
				222DDC671F3D030E00D0A4EB /* ViewController.swift in Sources */,
				222DDC651F3D030E00D0A4EB /* AppDelegate.swift in Sources */,
			);
			runOnlyForDeploymentPostprocessing = 0;
		};
/* End PBXSourcesBuildPhase section */

/* Begin PBXVariantGroup section */
		222DDC681F3D030E00D0A4EB /* Main.storyboard */ = {
			isa = PBXVariantGroup;
			children = (
				222DDC691F3D030E00D0A4EB /* Base */,
			);
			name = Main.storyboard;
			sourceTree = "<group>";
		};
		222DDC6D1F3D030E00D0A4EB /* LaunchScreen.storyboard */ = {
			isa = PBXVariantGroup;
			children = (
				222DDC6E1F3D030E00D0A4EB /* Base */,
			);
			name = LaunchScreen.storyboard;
			sourceTree = "<group>";
		};
/* End PBXVariantGroup section */

/* Begin XCBuildConfiguration section */
		222DDC711F3D030E00D0A4EB /* Debug */ = {
			isa = XCBuildConfiguration;
			buildSettings = {
				ALWAYS_SEARCH_USER_PATHS = NO;
				CLANG_ANALYZER_NONNULL = YES;
				CLANG_ANALYZER_NUMBER_OBJECT_CONVERSION = YES_AGGRESSIVE;
				CLANG_CXX_LANGUAGE_STANDARD = "gnu++0x";
				CLANG_CXX_LIBRARY = "libc++";
				CLANG_ENABLE_MODULES = YES;
				CLANG_ENABLE_OBJC_ARC = YES;
				CLANG_WARN_BOOL_CONVERSION = YES;
				CLANG_WARN_CONSTANT_CONVERSION = YES;
				CLANG_WARN_DIRECT_OBJC_ISA_USAGE = YES_ERROR;
				CLANG_WARN_DOCUMENTATION_COMMENTS = YES;
				CLANG_WARN_EMPTY_BODY = YES;
				CLANG_WARN_ENUM_CONVERSION = YES;
				CLANG_WARN_INFINITE_RECURSION = YES;
				CLANG_WARN_INT_CONVERSION = YES;
				CLANG_WARN_OBJC_ROOT_CLASS = YES_ERROR;
				CLANG_WARN_SUSPICIOUS_MOVE = YES;
				CLANG_WARN_UNREACHABLE_CODE = YES;
				CLANG_WARN__DUPLICATE_METHOD_MATCH = YES;
				"CODE_SIGN_IDENTITY[sdk=iphoneos*]" = "iPhone Developer";
				COPY_PHASE_STRIP = NO;
				DEBUG_INFORMATION_FORMAT = dwarf;
				ENABLE_STRICT_OBJC_MSGSEND = YES;
				ENABLE_TESTABILITY = YES;
				GCC_C_LANGUAGE_STANDARD = gnu99;
				GCC_DYNAMIC_NO_PIC = NO;
				GCC_NO_COMMON_BLOCKS = YES;
				GCC_OPTIMIZATION_LEVEL = 0;
				GCC_PREPROCESSOR_DEFINITIONS = (
					"DEBUG=1",
					"$(inherited)",
				);
				GCC_WARN_64_TO_32_BIT_CONVERSION = YES;
				GCC_WARN_ABOUT_RETURN_TYPE = YES_ERROR;
				GCC_WARN_UNDECLARED_SELECTOR = YES;
				GCC_WARN_UNINITIALIZED_AUTOS = YES_AGGRESSIVE;
				GCC_WARN_UNUSED_FUNCTION = YES;
				GCC_WARN_UNUSED_VARIABLE = YES;
				IPHONEOS_DEPLOYMENT_TARGET = 10.3;
				MTL_ENABLE_DEBUG_INFO = YES;
				ONLY_ACTIVE_ARCH = YES;
				SDKROOT = iphoneos;
				SWIFT_ACTIVE_COMPILATION_CONDITIONS = DEBUG;
				SWIFT_OPTIMIZATION_LEVEL = "-Onone";
				TARGETED_DEVICE_FAMILY = "1,2";
			};
			name = Debug;
		};
		222DDC721F3D030E00D0A4EB /* Release */ = {
			isa = XCBuildConfiguration;
			buildSettings = {
				ALWAYS_SEARCH_USER_PATHS = NO;
				CLANG_ANALYZER_NONNULL = YES;
				CLANG_ANALYZER_NUMBER_OBJECT_CONVERSION = YES_AGGRESSIVE;
				CLANG_CXX_LANGUAGE_STANDARD = "gnu++0x";
				CLANG_CXX_LIBRARY = "libc++";
				CLANG_ENABLE_MODULES = YES;
				CLANG_ENABLE_OBJC_ARC = YES;
				CLANG_WARN_BOOL_CONVERSION = YES;
				CLANG_WARN_CONSTANT_CONVERSION = YES;
				CLANG_WARN_DIRECT_OBJC_ISA_USAGE = YES_ERROR;
				CLANG_WARN_DOCUMENTATION_COMMENTS = YES;
				CLANG_WARN_EMPTY_BODY = YES;
				CLANG_WARN_ENUM_CONVERSION = YES;
				CLANG_WARN_INFINITE_RECURSION = YES;
				CLANG_WARN_INT_CONVERSION = YES;
				CLANG_WARN_OBJC_ROOT_CLASS = YES_ERROR;
				CLANG_WARN_SUSPICIOUS_MOVE = YES;
				CLANG_WARN_UNREACHABLE_CODE = YES;
				CLANG_WARN__DUPLICATE_METHOD_MATCH = YES;
				"CODE_SIGN_IDENTITY[sdk=iphoneos*]" = "iPhone Developer";
				COPY_PHASE_STRIP = NO;
				DEBUG_INFORMATION_FORMAT = "dwarf-with-dsym";
				ENABLE_NS_ASSERTIONS = NO;
				ENABLE_STRICT_OBJC_MSGSEND = YES;
				GCC_C_LANGUAGE_STANDARD = gnu99;
				GCC_NO_COMMON_BLOCKS = YES;
				GCC_WARN_64_TO_32_BIT_CONVERSION = YES;
				GCC_WARN_ABOUT_RETURN_TYPE = YES_ERROR;
				GCC_WARN_UNDECLARED_SELECTOR = YES;
				GCC_WARN_UNINITIALIZED_AUTOS = YES_AGGRESSIVE;
				GCC_WARN_UNUSED_FUNCTION = YES;
				GCC_WARN_UNUSED_VARIABLE = YES;
				IPHONEOS_DEPLOYMENT_TARGET = 10.3;
				MTL_ENABLE_DEBUG_INFO = NO;
				SDKROOT = iphoneos;
				SWIFT_OPTIMIZATION_LEVEL = "-Owholemodule";
				TARGETED_DEVICE_FAMILY = "1,2";
				VALIDATE_PRODUCT = YES;
			};
			name = Release;
		};
		222DDC741F3D030E00D0A4EB /* Debug */ = {
			isa = XCBuildConfiguration;
			buildSettings = {
				ASSETCATALOG_COMPILER_APPICON_NAME = AppIcon;
				DEVELOPMENT_TEAM = 29B6QCD9N8;
				INFOPLIST_FILE = Presentations/Info.plist;
				LD_RUNPATH_SEARCH_PATHS = "$(inherited) @executable_path/Frameworks";
				PRODUCT_BUNDLE_IDENTIFIER = Tim.Serio.Presentations;
				PRODUCT_NAME = "$(TARGET_NAME)";
				SWIFT_VERSION = 3.0;
			};
			name = Debug;
		};
		222DDC751F3D030E00D0A4EB /* Release */ = {
			isa = XCBuildConfiguration;
			buildSettings = {
				ASSETCATALOG_COMPILER_APPICON_NAME = AppIcon;
				DEVELOPMENT_TEAM = 29B6QCD9N8;
				INFOPLIST_FILE = Presentations/Info.plist;
				LD_RUNPATH_SEARCH_PATHS = "$(inherited) @executable_path/Frameworks";
				PRODUCT_BUNDLE_IDENTIFIER = Tim.Serio.Presentations;
				PRODUCT_NAME = "$(TARGET_NAME)";
				SWIFT_VERSION = 3.0;
			};
			name = Release;
		};
/* End XCBuildConfiguration section */

/* Begin XCConfigurationList section */
		222DDC5C1F3D030D00D0A4EB /* Build configuration list for PBXProject "Presentations" */ = {
			isa = XCConfigurationList;
			buildConfigurations = (
				222DDC711F3D030E00D0A4EB /* Debug */,
				222DDC721F3D030E00D0A4EB /* Release */,
			);
			defaultConfigurationIsVisible = 0;
			defaultConfigurationName = Release;
		};
		222DDC731F3D030E00D0A4EB /* Build configuration list for PBXNativeTarget "Presentations" */ = {
			isa = XCConfigurationList;
			buildConfigurations = (
				222DDC741F3D030E00D0A4EB /* Debug */,
				222DDC751F3D030E00D0A4EB /* Release */,
			);
			defaultConfigurationIsVisible = 0;
		};
/* End XCConfigurationList section */
	};
	rootObject = 222DDC591F3D030D00D0A4EB /* Project object */;
}
