// !$*UTF8*$!
{
	archiveVersion = 1;
	classes = {
	};
	objectVersion = 46;
	objects = {

/* Begin PBXBuildFile section */
		227C02A01F5CB27F00371986 /* AppDelegate.swift in Sources */ = {isa = PBXBuildFile; fileRef = 227C029F1F5CB27F00371986 /* AppDelegate.swift */; };
		227C02A21F5CB27F00371986 /* ViewController.swift in Sources */ = {isa = PBXBuildFile; fileRef = 227C02A11F5CB27F00371986 /* ViewController.swift */; };
		227C02A51F5CB27F00371986 /* Main.storyboard in Resources */ = {isa = PBXBuildFile; fileRef = 227C02A31F5CB27F00371986 /* Main.storyboard */; };
		227C02A71F5CB27F00371986 /* Assets.xcassets in Resources */ = {isa = PBXBuildFile; fileRef = 227C02A61F5CB27F00371986 /* Assets.xcassets */; };
		227C02AA1F5CB27F00371986 /* LaunchScreen.storyboard in Resources */ = {isa = PBXBuildFile; fileRef = 227C02A81F5CB27F00371986 /* LaunchScreen.storyboard */; };
		227C02B21F5DC6DC00371986 /* Minecraft.ttf in Resources */ = {isa = PBXBuildFile; fileRef = 227C02B11F5DC6DC00371986 /* Minecraft.ttf */; };
		227C02B41F5DC7F700371986 /* btn.wav in Resources */ = {isa = PBXBuildFile; fileRef = 227C02B31F5DC7F700371986 /* btn.wav */; };
/* End PBXBuildFile section */

/* Begin PBXFileReference section */
		227C029C1F5CB27F00371986 /* RetroCalculator.app */ = {isa = PBXFileReference; explicitFileType = wrapper.application; includeInIndex = 0; path = RetroCalculator.app; sourceTree = BUILT_PRODUCTS_DIR; };
		227C029F1F5CB27F00371986 /* AppDelegate.swift */ = {isa = PBXFileReference; lastKnownFileType = sourcecode.swift; path = AppDelegate.swift; sourceTree = "<group>"; };
		227C02A11F5CB27F00371986 /* ViewController.swift */ = {isa = PBXFileReference; lastKnownFileType = sourcecode.swift; path = ViewController.swift; sourceTree = "<group>"; };
		227C02A41F5CB27F00371986 /* Base */ = {isa = PBXFileReference; lastKnownFileType = file.storyboard; name = Base; path = Base.lproj/Main.storyboard; sourceTree = "<group>"; };
		227C02A61F5CB27F00371986 /* Assets.xcassets */ = {isa = PBXFileReference; lastKnownFileType = folder.assetcatalog; path = Assets.xcassets; sourceTree = "<group>"; };
		227C02A91F5CB27F00371986 /* Base */ = {isa = PBXFileReference; lastKnownFileType = file.storyboard; name = Base; path = Base.lproj/LaunchScreen.storyboard; sourceTree = "<group>"; };
		227C02AB1F5CB27F00371986 /* Info.plist */ = {isa = PBXFileReference; lastKnownFileType = text.plist.xml; path = Info.plist; sourceTree = "<group>"; };
		227C02B11F5DC6DC00371986 /* Minecraft.ttf */ = {isa = PBXFileReference; lastKnownFileType = file; path = Minecraft.ttf; sourceTree = "<group>"; };
		227C02B31F5DC7F700371986 /* btn.wav */ = {isa = PBXFileReference; lastKnownFileType = audio.wav; path = btn.wav; sourceTree = "<group>"; };
/* End PBXFileReference section */

/* Begin PBXFrameworksBuildPhase section */
		227C02991F5CB27F00371986 /* Frameworks */ = {
			isa = PBXFrameworksBuildPhase;
			buildActionMask = 2147483647;
			files = (
			);
			runOnlyForDeploymentPostprocessing = 0;
		};
/* End PBXFrameworksBuildPhase section */

/* Begin PBXGroup section */
		227C02931F5CB27E00371986 = {
			isa = PBXGroup;
			children = (
				227C029E1F5CB27F00371986 /* RetroCalculator */,
				227C029D1F5CB27F00371986 /* Products */,
			);
			sourceTree = "<group>";
		};
		227C029D1F5CB27F00371986 /* Products */ = {
			isa = PBXGroup;
			children = (
				227C029C1F5CB27F00371986 /* RetroCalculator.app */,
			);
			name = Products;
			sourceTree = "<group>";
		};
		227C029E1F5CB27F00371986 /* RetroCalculator */ = {
			isa = PBXGroup;
			children = (
				227C02B31F5DC7F700371986 /* btn.wav */,
				227C02B11F5DC6DC00371986 /* Minecraft.ttf */,
				227C029F1F5CB27F00371986 /* AppDelegate.swift */,
				227C02A11F5CB27F00371986 /* ViewController.swift */,
				227C02A31F5CB27F00371986 /* Main.storyboard */,
				227C02A61F5CB27F00371986 /* Assets.xcassets */,
				227C02A81F5CB27F00371986 /* LaunchScreen.storyboard */,
				227C02AB1F5CB27F00371986 /* Info.plist */,
			);
			path = RetroCalculator;
			sourceTree = "<group>";
		};
/* End PBXGroup section */

/* Begin PBXNativeTarget section */
		227C029B1F5CB27F00371986 /* RetroCalculator */ = {
			isa = PBXNativeTarget;
			buildConfigurationList = 227C02AE1F5CB27F00371986 /* Build configuration list for PBXNativeTarget "RetroCalculator" */;
			buildPhases = (
				227C02981F5CB27F00371986 /* Sources */,
				227C02991F5CB27F00371986 /* Frameworks */,
				227C029A1F5CB27F00371986 /* Resources */,
			);
			buildRules = (
			);
			dependencies = (
			);
			name = RetroCalculator;
			productName = RetroCalculator;
			productReference = 227C029C1F5CB27F00371986 /* RetroCalculator.app */;
			productType = "com.apple.product-type.application";
		};
/* End PBXNativeTarget section */

/* Begin PBXProject section */
		227C02941F5CB27E00371986 /* Project object */ = {
			isa = PBXProject;
			attributes = {
				LastSwiftUpdateCheck = 0830;
				LastUpgradeCheck = 0830;
				ORGANIZATIONNAME = "Tim Serio";
				TargetAttributes = {
					227C029B1F5CB27F00371986 = {
						CreatedOnToolsVersion = 8.3.3;
						DevelopmentTeam = 29B6QCD9N8;
						ProvisioningStyle = Automatic;
					};
				};
			};
			buildConfigurationList = 227C02971F5CB27E00371986 /* Build configuration list for PBXProject "RetroCalculator" */;
			compatibilityVersion = "Xcode 3.2";
			developmentRegion = English;
			hasScannedForEncodings = 0;
			knownRegions = (
				en,
				Base,
			);
			mainGroup = 227C02931F5CB27E00371986;
			productRefGroup = 227C029D1F5CB27F00371986 /* Products */;
			projectDirPath = "";
			projectRoot = "";
			targets = (
				227C029B1F5CB27F00371986 /* RetroCalculator */,
			);
		};
/* End PBXProject section */

/* Begin PBXResourcesBuildPhase section */
		227C029A1F5CB27F00371986 /* Resources */ = {
			isa = PBXResourcesBuildPhase;
			buildActionMask = 2147483647;
			files = (
				227C02B41F5DC7F700371986 /* btn.wav in Resources */,
				227C02AA1F5CB27F00371986 /* LaunchScreen.storyboard in Resources */,
				227C02A71F5CB27F00371986 /* Assets.xcassets in Resources */,
				227C02B21F5DC6DC00371986 /* Minecraft.ttf in Resources */,
				227C02A51F5CB27F00371986 /* Main.storyboard in Resources */,
			);
			runOnlyForDeploymentPostprocessing = 0;
		};
/* End PBXResourcesBuildPhase section */

/* Begin PBXSourcesBuildPhase section */
		227C02981F5CB27F00371986 /* Sources */ = {
			isa = PBXSourcesBuildPhase;
			buildActionMask = 2147483647;
			files = (
				227C02A21F5CB27F00371986 /* ViewController.swift in Sources */,
				227C02A01F5CB27F00371986 /* AppDelegate.swift in Sources */,
			);
			runOnlyForDeploymentPostprocessing = 0;
		};
/* End PBXSourcesBuildPhase section */

/* Begin PBXVariantGroup section */
		227C02A31F5CB27F00371986 /* Main.storyboard */ = {
			isa = PBXVariantGroup;
			children = (
				227C02A41F5CB27F00371986 /* Base */,
			);
			name = Main.storyboard;
			sourceTree = "<group>";
		};
		227C02A81F5CB27F00371986 /* LaunchScreen.storyboard */ = {
			isa = PBXVariantGroup;
			children = (
				227C02A91F5CB27F00371986 /* Base */,
			);
			name = LaunchScreen.storyboard;
			sourceTree = "<group>";
		};
/* End PBXVariantGroup section */

/* Begin XCBuildConfiguration section */
		227C02AC1F5CB27F00371986 /* Debug */ = {
			isa = XCBuildConfiguration;
			buildSettings = {
				ALWAYS_SEARCH_USER_PATHS = NO;
				CLANG_ANALYZER_NONNULL = YES;
				CLANG_ANALYZER_NUMBER_OBJECT_CONVERSION = YES_AGGRESSIVE;
				CLANG_CXX_LANGUAGE_STANDARD = "gnu++0x";
				CLANG_CXX_LIBRARY = "libc++";
				CLANG_ENABLE_MODULES = YES;
				CLANG_ENABLE_OBJC_ARC = YES;
				CLANG_WARN_BOOL_CONVERSION = YES;
				CLANG_WARN_CONSTANT_CONVERSION = YES;
				CLANG_WARN_DIRECT_OBJC_ISA_USAGE = YES_ERROR;
				CLANG_WARN_DOCUMENTATION_COMMENTS = YES;
				CLANG_WARN_EMPTY_BODY = YES;
				CLANG_WARN_ENUM_CONVERSION = YES;
				CLANG_WARN_INFINITE_RECURSION = YES;
				CLANG_WARN_INT_CONVERSION = YES;
				CLANG_WARN_OBJC_ROOT_CLASS = YES_ERROR;
				CLANG_WARN_SUSPICIOUS_MOVE = YES;
				CLANG_WARN_UNREACHABLE_CODE = YES;
				CLANG_WARN__DUPLICATE_METHOD_MATCH = YES;
				"CODE_SIGN_IDENTITY[sdk=iphoneos*]" = "iPhone Developer";
				COPY_PHASE_STRIP = NO;
				DEBUG_INFORMATION_FORMAT = dwarf;
				ENABLE_STRICT_OBJC_MSGSEND = YES;
				ENABLE_TESTABILITY = YES;
				GCC_C_LANGUAGE_STANDARD = gnu99;
				GCC_DYNAMIC_NO_PIC = NO;
				GCC_NO_COMMON_BLOCKS = YES;
				GCC_OPTIMIZATION_LEVEL = 0;
				GCC_PREPROCESSOR_DEFINITIONS = (
					"DEBUG=1",
					"$(inherited)",
				);
				GCC_WARN_64_TO_32_BIT_CONVERSION = YES;
				GCC_WARN_ABOUT_RETURN_TYPE = YES_ERROR;
				GCC_WARN_UNDECLARED_SELECTOR = YES;
				GCC_WARN_UNINITIALIZED_AUTOS = YES_AGGRESSIVE;
				GCC_WARN_UNUSED_FUNCTION = YES;
				GCC_WARN_UNUSED_VARIABLE = YES;
				IPHONEOS_DEPLOYMENT_TARGET = 10.3;
				MTL_ENABLE_DEBUG_INFO = YES;
				ONLY_ACTIVE_ARCH = YES;
				SDKROOT = iphoneos;
				SWIFT_ACTIVE_COMPILATION_CONDITIONS = DEBUG;
				SWIFT_OPTIMIZATION_LEVEL = "-Onone";
				TARGETED_DEVICE_FAMILY = "1,2";
			};
			name = Debug;
		};
		227C02AD1F5CB27F00371986 /* Release */ = {
			isa = XCBuildConfiguration;
			buildSettings = {
				ALWAYS_SEARCH_USER_PATHS = NO;
				CLANG_ANALYZER_NONNULL = YES;
				CLANG_ANALYZER_NUMBER_OBJECT_CONVERSION = YES_AGGRESSIVE;
				CLANG_CXX_LANGUAGE_STANDARD = "gnu++0x";
				CLANG_CXX_LIBRARY = "libc++";
				CLANG_ENABLE_MODULES = YES;
				CLANG_ENABLE_OBJC_ARC = YES;
				CLANG_WARN_BOOL_CONVERSION = YES;
				CLANG_WARN_CONSTANT_CONVERSION = YES;
				CLANG_WARN_DIRECT_OBJC_ISA_USAGE = YES_ERROR;
				CLANG_WARN_DOCUMENTATION_COMMENTS = YES;
				CLANG_WARN_EMPTY_BODY = YES;
				CLANG_WARN_ENUM_CONVERSION = YES;
				CLANG_WARN_INFINITE_RECURSION = YES;
				CLANG_WARN_INT_CONVERSION = YES;
				CLANG_WARN_OBJC_ROOT_CLASS = YES_ERROR;
				CLANG_WARN_SUSPICIOUS_MOVE = YES;
				CLANG_WARN_UNREACHABLE_CODE = YES;
				CLANG_WARN__DUPLICATE_METHOD_MATCH = YES;
				"CODE_SIGN_IDENTITY[sdk=iphoneos*]" = "iPhone Developer";
				COPY_PHASE_STRIP = NO;
				DEBUG_INFORMATION_FORMAT = "dwarf-with-dsym";
				ENABLE_NS_ASSERTIONS = NO;
				ENABLE_STRICT_OBJC_MSGSEND = YES;
				GCC_C_LANGUAGE_STANDARD = gnu99;
				GCC_NO_COMMON_BLOCKS = YES;
				GCC_WARN_64_TO_32_BIT_CONVERSION = YES;
				GCC_WARN_ABOUT_RETURN_TYPE = YES_ERROR;
				GCC_WARN_UNDECLARED_SELECTOR = YES;
				GCC_WARN_UNINITIALIZED_AUTOS = YES_AGGRESSIVE;
				GCC_WARN_UNUSED_FUNCTION = YES;
				GCC_WARN_UNUSED_VARIABLE = YES;
				IPHONEOS_DEPLOYMENT_TARGET = 10.3;
				MTL_ENABLE_DEBUG_INFO = NO;
				SDKROOT = iphoneos;
				SWIFT_OPTIMIZATION_LEVEL = "-Owholemodule";
				TARGETED_DEVICE_FAMILY = "1,2";
				VALIDATE_PRODUCT = YES;
			};
			name = Release;
		};
		227C02AF1F5CB27F00371986 /* Debug */ = {
			isa = XCBuildConfiguration;
			buildSettings = {
				ASSETCATALOG_COMPILER_APPICON_NAME = AppIcon;
				DEVELOPMENT_TEAM = 29B6QCD9N8;
				INFOPLIST_FILE = RetroCalculator/Info.plist;
				LD_RUNPATH_SEARCH_PATHS = "$(inherited) @executable_path/Frameworks";
				PRODUCT_BUNDLE_IDENTIFIER = Tim.Serio.RetroCalculator;
				PRODUCT_NAME = "$(TARGET_NAME)";
				SWIFT_VERSION = 3.0;
			};
			name = Debug;
		};
		227C02B01F5CB27F00371986 /* Release */ = {
			isa = XCBuildConfiguration;
			buildSettings = {
				ASSETCATALOG_COMPILER_APPICON_NAME = AppIcon;
				DEVELOPMENT_TEAM = 29B6QCD9N8;
				INFOPLIST_FILE = RetroCalculator/Info.plist;
				LD_RUNPATH_SEARCH_PATHS = "$(inherited) @executable_path/Frameworks";
				PRODUCT_BUNDLE_IDENTIFIER = Tim.Serio.RetroCalculator;
				PRODUCT_NAME = "$(TARGET_NAME)";
				SWIFT_VERSION = 3.0;
			};
			name = Release;
		};
/* End XCBuildConfiguration section */

/* Begin XCConfigurationList section */
		227C02971F5CB27E00371986 /* Build configuration list for PBXProject "RetroCalculator" */ = {
			isa = XCConfigurationList;
			buildConfigurations = (
				227C02AC1F5CB27F00371986 /* Debug */,
				227C02AD1F5CB27F00371986 /* Release */,
			);
			defaultConfigurationIsVisible = 0;
			defaultConfigurationName = Release;
		};
		227C02AE1F5CB27F00371986 /* Build configuration list for PBXNativeTarget "RetroCalculator" */ = {
			isa = XCConfigurationList;
			buildConfigurations = (
				227C02AF1F5CB27F00371986 /* Debug */,
				227C02B01F5CB27F00371986 /* Release */,
			);
			defaultConfigurationIsVisible = 0;
		};
/* End XCConfigurationList section */
	};
	rootObject = 227C02941F5CB27E00371986 /* Project object */;
}
